// !$*UTF8*$!
{
	archiveVersion = 1;
	classes = {
	};
	objectVersion = 50;
	objects = {

/* Begin PBXBuildFile section */
		71895DE1250215AD00CC520C /* AppDelegate.swift in Sources */ = {isa = PBXBuildFile; fileRef = 71895DE0250215AD00CC520C /* AppDelegate.swift */; };
		71895DE3250215AD00CC520C /* SceneDelegate.swift in Sources */ = {isa = PBXBuildFile; fileRef = 71895DE2250215AD00CC520C /* SceneDelegate.swift */; };
		71895DE5250215AD00CC520C /* ViewController.swift in Sources */ = {isa = PBXBuildFile; fileRef = 71895DE4250215AD00CC520C /* ViewController.swift */; };
		71895DE8250215AD00CC520C /* Main.storyboard in Resources */ = {isa = PBXBuildFile; fileRef = 71895DE6250215AD00CC520C /* Main.storyboard */; };
		71895DEA250215AD00CC520C /* Assets.xcassets in Resources */ = {isa = PBXBuildFile; fileRef = 71895DE9250215AD00CC520C /* Assets.xcassets */; };
		71895DED250215AD00CC520C /* LaunchScreen.storyboard in Resources */ = {isa = PBXBuildFile; fileRef = 71895DEB250215AD00CC520C /* LaunchScreen.storyboard */; };
		71895DF8250215AE00CC520C /* TechPodTests.swift in Sources */ = {isa = PBXBuildFile; fileRef = 71895DF7250215AE00CC520C /* TechPodTests.swift */; };
		71895E03250215AE00CC520C /* TechPodUITests.swift in Sources */ = {isa = PBXBuildFile; fileRef = 71895E02250215AE00CC520C /* TechPodUITests.swift */; };
		71895E1A25021C1000CC520C /* cannon.mp3 in Resources */ = {isa = PBXBuildFile; fileRef = 71895E1325021C1000CC520C /* cannon.mp3 */; };
		71895E1B25021C1000CC520C /* elise.mp3 in Resources */ = {isa = PBXBuildFile; fileRef = 71895E1425021C1000CC520C /* elise.mp3 */; };
		71895E1C25021C1000CC520C /* aria.mp3 in Resources */ = {isa = PBXBuildFile; fileRef = 71895E1525021C1000CC520C /* aria.mp3 */; };
		71895E1D25021C1000CC520C /* Beethoven.jpg in Resources */ = {isa = PBXBuildFile; fileRef = 71895E1725021C1000CC520C /* Beethoven.jpg */; };
		71895E1E25021C1000CC520C /* Pachelbel.jpg in Resources */ = {isa = PBXBuildFile; fileRef = 71895E1825021C1000CC520C /* Pachelbel.jpg */; };
		71895E1F25021C1000CC520C /* Bach.jpg in Resources */ = {isa = PBXBuildFile; fileRef = 71895E1925021C1000CC520C /* Bach.jpg */; };
/* End PBXBuildFile section */

/* Begin PBXContainerItemProxy section */
		71895DF4250215AD00CC520C /* PBXContainerItemProxy */ = {
			isa = PBXContainerItemProxy;
			containerPortal = 71895DD5250215AD00CC520C /* Project object */;
			proxyType = 1;
			remoteGlobalIDString = 71895DDC250215AD00CC520C;
			remoteInfo = TechPod;
		};
		71895DFF250215AE00CC520C /* PBXContainerItemProxy */ = {
			isa = PBXContainerItemProxy;
			containerPortal = 71895DD5250215AD00CC520C /* Project object */;
			proxyType = 1;
			remoteGlobalIDString = 71895DDC250215AD00CC520C;
			remoteInfo = TechPod;
		};
/* End PBXContainerItemProxy section */

/* Begin PBXFileReference section */
		71895DDD250215AD00CC520C /* TechPod.app */ = {isa = PBXFileReference; explicitFileType = wrapper.application; includeInIndex = 0; path = TechPod.app; sourceTree = BUILT_PRODUCTS_DIR; };
		71895DE0250215AD00CC520C /* AppDelegate.swift */ = {isa = PBXFileReference; lastKnownFileType = sourcecode.swift; path = AppDelegate.swift; sourceTree = "<group>"; };
		71895DE2250215AD00CC520C /* SceneDelegate.swift */ = {isa = PBXFileReference; lastKnownFileType = sourcecode.swift; path = SceneDelegate.swift; sourceTree = "<group>"; };
		71895DE4250215AD00CC520C /* ViewController.swift */ = {isa = PBXFileReference; lastKnownFileType = sourcecode.swift; path = ViewController.swift; sourceTree = "<group>"; };
		71895DE7250215AD00CC520C /* Base */ = {isa = PBXFileReference; lastKnownFileType = file.storyboard; name = Base; path = Base.lproj/Main.storyboard; sourceTree = "<group>"; };
		71895DE9250215AD00CC520C /* Assets.xcassets */ = {isa = PBXFileReference; lastKnownFileType = folder.assetcatalog; path = Assets.xcassets; sourceTree = "<group>"; };
		71895DEC250215AD00CC520C /* Base */ = {isa = PBXFileReference; lastKnownFileType = file.storyboard; name = Base; path = Base.lproj/LaunchScreen.storyboard; sourceTree = "<group>"; };
		71895DEE250215AD00CC520C /* Info.plist */ = {isa = PBXFileReference; lastKnownFileType = text.plist.xml; path = Info.plist; sourceTree = "<group>"; };
		71895DF3250215AD00CC520C /* TechPodTests.xctest */ = {isa = PBXFileReference; explicitFileType = wrapper.cfbundle; includeInIndex = 0; path = TechPodTests.xctest; sourceTree = BUILT_PRODUCTS_DIR; };
		71895DF7250215AE00CC520C /* TechPodTests.swift */ = {isa = PBXFileReference; lastKnownFileType = sourcecode.swift; path = TechPodTests.swift; sourceTree = "<group>"; };
		71895DF9250215AE00CC520C /* Info.plist */ = {isa = PBXFileReference; lastKnownFileType = text.plist.xml; path = Info.plist; sourceTree = "<group>"; };
		71895DFE250215AE00CC520C /* TechPodUITests.xctest */ = {isa = PBXFileReference; explicitFileType = wrapper.cfbundle; includeInIndex = 0; path = TechPodUITests.xctest; sourceTree = BUILT_PRODUCTS_DIR; };
		71895E02250215AE00CC520C /* TechPodUITests.swift */ = {isa = PBXFileReference; lastKnownFileType = sourcecode.swift; path = TechPodUITests.swift; sourceTree = "<group>"; };
		71895E04250215AE00CC520C /* Info.plist */ = {isa = PBXFileReference; lastKnownFileType = text.plist.xml; path = Info.plist; sourceTree = "<group>"; };
		71895E1325021C1000CC520C /* cannon.mp3 */ = {isa = PBXFileReference; lastKnownFileType = audio.mp3; path = cannon.mp3; sourceTree = "<group>"; };
		71895E1425021C1000CC520C /* elise.mp3 */ = {isa = PBXFileReference; lastKnownFileType = audio.mp3; path = elise.mp3; sourceTree = "<group>"; };
		71895E1525021C1000CC520C /* aria.mp3 */ = {isa = PBXFileReference; lastKnownFileType = audio.mp3; path = aria.mp3; sourceTree = "<group>"; };
		71895E1725021C1000CC520C /* Beethoven.jpg */ = {isa = PBXFileReference; lastKnownFileType = image.jpeg; path = Beethoven.jpg; sourceTree = "<group>"; };
		71895E1825021C1000CC520C /* Pachelbel.jpg */ = {isa = PBXFileReference; lastKnownFileType = image.jpeg; path = Pachelbel.jpg; sourceTree = "<group>"; };
		71895E1925021C1000CC520C /* Bach.jpg */ = {isa = PBXFileReference; lastKnownFileType = image.jpeg; path = Bach.jpg; sourceTree = "<group>"; };
/* End PBXFileReference section */

/* Begin PBXFrameworksBuildPhase section */
		71895DDA250215AD00CC520C /* Frameworks */ = {
			isa = PBXFrameworksBuildPhase;
			buildActionMask = 2147483647;
			files = (
			);
			runOnlyForDeploymentPostprocessing = 0;
		};
		71895DF0250215AD00CC520C /* Frameworks */ = {
			isa = PBXFrameworksBuildPhase;
			buildActionMask = 2147483647;
			files = (
			);
			runOnlyForDeploymentPostprocessing = 0;
		};
		71895DFB250215AE00CC520C /* Frameworks */ = {
			isa = PBXFrameworksBuildPhase;
			buildActionMask = 2147483647;
			files = (
			);
			runOnlyForDeploymentPostprocessing = 0;
		};
/* End PBXFrameworksBuildPhase section */

/* Begin PBXGroup section */
		71895DD4250215AD00CC520C = {
			isa = PBXGroup;
			children = (
				71895DDF250215AD00CC520C /* TechPod */,
				71895DF6250215AE00CC520C /* TechPodTests */,
				71895E01250215AE00CC520C /* TechPodUITests */,
				71895DDE250215AD00CC520C /* Products */,
			);
			sourceTree = "<group>";
		};
		71895DDE250215AD00CC520C /* Products */ = {
			isa = PBXGroup;
			children = (
				71895DDD250215AD00CC520C /* TechPod.app */,
				71895DF3250215AD00CC520C /* TechPodTests.xctest */,
				71895DFE250215AE00CC520C /* TechPodUITests.xctest */,
			);
			name = Products;
			sourceTree = "<group>";
		};
		71895DDF250215AD00CC520C /* TechPod */ = {
			isa = PBXGroup;
			children = (
				71895E1125021C1000CC520C /* Resources */,
				71895DE0250215AD00CC520C /* AppDelegate.swift */,
				71895DE2250215AD00CC520C /* SceneDelegate.swift */,
				71895DE4250215AD00CC520C /* ViewController.swift */,
				71895DE6250215AD00CC520C /* Main.storyboard */,
				71895DE9250215AD00CC520C /* Assets.xcassets */,
				71895DEB250215AD00CC520C /* LaunchScreen.storyboard */,
				71895DEE250215AD00CC520C /* Info.plist */,
			);
			path = TechPod;
			sourceTree = "<group>";
		};
		71895DF6250215AE00CC520C /* TechPodTests */ = {
			isa = PBXGroup;
			children = (
				71895DF7250215AE00CC520C /* TechPodTests.swift */,
				71895DF9250215AE00CC520C /* Info.plist */,
			);
			path = TechPodTests;
			sourceTree = "<group>";
		};
		71895E01250215AE00CC520C /* TechPodUITests */ = {
			isa = PBXGroup;
			children = (
				71895E02250215AE00CC520C /* TechPodUITests.swift */,
				71895E04250215AE00CC520C /* Info.plist */,
			);
			path = TechPodUITests;
			sourceTree = "<group>";
		};
		71895E1125021C1000CC520C /* Resources */ = {
			isa = PBXGroup;
			children = (
				71895E1225021C1000CC520C /* Songs */,
				71895E1625021C1000CC520C /* Images */,
			);
			path = Resources;
			sourceTree = "<group>";
		};
		71895E1225021C1000CC520C /* Songs */ = {
			isa = PBXGroup;
			children = (
				71895E1325021C1000CC520C /* cannon.mp3 */,
				71895E1425021C1000CC520C /* elise.mp3 */,
				71895E1525021C1000CC520C /* aria.mp3 */,
			);
			path = Songs;
			sourceTree = "<group>";
		};
		71895E1625021C1000CC520C /* Images */ = {
			isa = PBXGroup;
			children = (
				71895E1725021C1000CC520C /* Beethoven.jpg */,
				71895E1825021C1000CC520C /* Pachelbel.jpg */,
				71895E1925021C1000CC520C /* Bach.jpg */,
			);
			path = Images;
			sourceTree = "<group>";
		};
/* End PBXGroup section */

/* Begin PBXNativeTarget section */
		71895DDC250215AD00CC520C /* TechPod */ = {
			isa = PBXNativeTarget;
			buildConfigurationList = 71895E07250215AE00CC520C /* Build configuration list for PBXNativeTarget "TechPod" */;
			buildPhases = (
				71895DD9250215AD00CC520C /* Sources */,
				71895DDA250215AD00CC520C /* Frameworks */,
				71895DDB250215AD00CC520C /* Resources */,
			);
			buildRules = (
			);
			dependencies = (
			);
			name = TechPod;
			productName = TechPod;
			productReference = 71895DDD250215AD00CC520C /* TechPod.app */;
			productType = "com.apple.product-type.application";
		};
		71895DF2250215AD00CC520C /* TechPodTests */ = {
			isa = PBXNativeTarget;
			buildConfigurationList = 71895E0A250215AE00CC520C /* Build configuration list for PBXNativeTarget "TechPodTests" */;
			buildPhases = (
				71895DEF250215AD00CC520C /* Sources */,
				71895DF0250215AD00CC520C /* Frameworks */,
				71895DF1250215AD00CC520C /* Resources */,
			);
			buildRules = (
			);
			dependencies = (
				71895DF5250215AD00CC520C /* PBXTargetDependency */,
			);
			name = TechPodTests;
			productName = TechPodTests;
			productReference = 71895DF3250215AD00CC520C /* TechPodTests.xctest */;
			productType = "com.apple.product-type.bundle.unit-test";
		};
		71895DFD250215AE00CC520C /* TechPodUITests */ = {
			isa = PBXNativeTarget;
			buildConfigurationList = 71895E0D250215AE00CC520C /* Build configuration list for PBXNativeTarget "TechPodUITests" */;
			buildPhases = (
				71895DFA250215AE00CC520C /* Sources */,
				71895DFB250215AE00CC520C /* Frameworks */,
				71895DFC250215AE00CC520C /* Resources */,
			);
			buildRules = (
			);
			dependencies = (
				71895E00250215AE00CC520C /* PBXTargetDependency */,
			);
			name = TechPodUITests;
			productName = TechPodUITests;
			productReference = 71895DFE250215AE00CC520C /* TechPodUITests.xctest */;
			productType = "com.apple.product-type.bundle.ui-testing";
		};
/* End PBXNativeTarget section */

/* Begin PBXProject section */
		71895DD5250215AD00CC520C /* Project object */ = {
			isa = PBXProject;
			attributes = {
				LastSwiftUpdateCheck = 1170;
				LastUpgradeCheck = 1170;
				ORGANIZATIONNAME = "Tomoya Tanaka";
				TargetAttributes = {
					71895DDC250215AD00CC520C = {
						CreatedOnToolsVersion = 11.7;
					};
					71895DF2250215AD00CC520C = {
						CreatedOnToolsVersion = 11.7;
						TestTargetID = 71895DDC250215AD00CC520C;
					};
					71895DFD250215AE00CC520C = {
						CreatedOnToolsVersion = 11.7;
						TestTargetID = 71895DDC250215AD00CC520C;
					};
				};
			};
			buildConfigurationList = 71895DD8250215AD00CC520C /* Build configuration list for PBXProject "TechPod" */;
			compatibilityVersion = "Xcode 9.3";
			developmentRegion = en;
			hasScannedForEncodings = 0;
			knownRegions = (
				en,
				Base,
			);
			mainGroup = 71895DD4250215AD00CC520C;
			productRefGroup = 71895DDE250215AD00CC520C /* Products */;
			projectDirPath = "";
			projectRoot = "";
			targets = (
				71895DDC250215AD00CC520C /* TechPod */,
				71895DF2250215AD00CC520C /* TechPodTests */,
				71895DFD250215AE00CC520C /* TechPodUITests */,
			);
		};
/* End PBXProject section */

/* Begin PBXResourcesBuildPhase section */
		71895DDB250215AD00CC520C /* Resources */ = {
			isa = PBXResourcesBuildPhase;
			buildActionMask = 2147483647;
			files = (
				71895DED250215AD00CC520C /* LaunchScreen.storyboard in Resources */,
				71895E1A25021C1000CC520C /* cannon.mp3 in Resources */,
				71895E1F25021C1000CC520C /* Bach.jpg in Resources */,
				71895E1B25021C1000CC520C /* elise.mp3 in Resources */,
				71895DEA250215AD00CC520C /* Assets.xcassets in Resources */,
				71895E1E25021C1000CC520C /* Pachelbel.jpg in Resources */,
				71895DE8250215AD00CC520C /* Main.storyboard in Resources */,
				71895E1C25021C1000CC520C /* aria.mp3 in Resources */,
				71895E1D25021C1000CC520C /* Beethoven.jpg in Resources */,
			);
			runOnlyForDeploymentPostprocessing = 0;
		};
		71895DF1250215AD00CC520C /* Resources */ = {
			isa = PBXResourcesBuildPhase;
			buildActionMask = 2147483647;
			files = (
			);
			runOnlyForDeploymentPostprocessing = 0;
		};
		71895DFC250215AE00CC520C /* Resources */ = {
			isa = PBXResourcesBuildPhase;
			buildActionMask = 2147483647;
			files = (
			);
			runOnlyForDeploymentPostprocessing = 0;
		};
/* End PBXResourcesBuildPhase section */

/* Begin PBXSourcesBuildPhase section */
		71895DD9250215AD00CC520C /* Sources */ = {
			isa = PBXSourcesBuildPhase;
			buildActionMask = 2147483647;
			files = (
				71895DE5250215AD00CC520C /* ViewController.swift in Sources */,
				71895DE1250215AD00CC520C /* AppDelegate.swift in Sources */,
				71895DE3250215AD00CC520C /* SceneDelegate.swift in Sources */,
			);
			runOnlyForDeploymentPostprocessing = 0;
		};
		71895DEF250215AD00CC520C /* Sources */ = {
			isa = PBXSourcesBuildPhase;
			buildActionMask = 2147483647;
			files = (
				71895DF8250215AE00CC520C /* TechPodTests.swift in Sources */,
			);
			runOnlyForDeploymentPostprocessing = 0;
		};
		71895DFA250215AE00CC520C /* Sources */ = {
			isa = PBXSourcesBuildPhase;
			buildActionMask = 2147483647;
			files = (
				71895E03250215AE00CC520C /* TechPodUITests.swift in Sources */,
			);
			runOnlyForDeploymentPostprocessing = 0;
		};
/* End PBXSourcesBuildPhase section */

/* Begin PBXTargetDependency section */
		71895DF5250215AD00CC520C /* PBXTargetDependency */ = {
			isa = PBXTargetDependency;
			target = 71895DDC250215AD00CC520C /* TechPod */;
			targetProxy = 71895DF4250215AD00CC520C /* PBXContainerItemProxy */;
		};
		71895E00250215AE00CC520C /* PBXTargetDependency */ = {
			isa = PBXTargetDependency;
			target = 71895DDC250215AD00CC520C /* TechPod */;
			targetProxy = 71895DFF250215AE00CC520C /* PBXContainerItemProxy */;
		};
/* End PBXTargetDependency section */

/* Begin PBXVariantGroup section */
		71895DE6250215AD00CC520C /* Main.storyboard */ = {
			isa = PBXVariantGroup;
			children = (
				71895DE7250215AD00CC520C /* Base */,
			);
			name = Main.storyboard;
			sourceTree = "<group>";
		};
		71895DEB250215AD00CC520C /* LaunchScreen.storyboard */ = {
			isa = PBXVariantGroup;
			children = (
				71895DEC250215AD00CC520C /* Base */,
			);
			name = LaunchScreen.storyboard;
			sourceTree = "<group>";
		};
/* End PBXVariantGroup section */

/* Begin XCBuildConfiguration section */
		71895E05250215AE00CC520C /* Debug */ = {
			isa = XCBuildConfiguration;
			buildSettings = {
				ALWAYS_SEARCH_USER_PATHS = NO;
				CLANG_ANALYZER_NONNULL = YES;
				CLANG_ANALYZER_NUMBER_OBJECT_CONVERSION = YES_AGGRESSIVE;
				CLANG_CXX_LANGUAGE_STANDARD = "gnu++14";
				CLANG_CXX_LIBRARY = "libc++";
				CLANG_ENABLE_MODULES = YES;
				CLANG_ENABLE_OBJC_ARC = YES;
				CLANG_ENABLE_OBJC_WEAK = YES;
				CLANG_WARN_BLOCK_CAPTURE_AUTORELEASING = YES;
				CLANG_WARN_BOOL_CONVERSION = YES;
				CLANG_WARN_COMMA = YES;
				CLANG_WARN_CONSTANT_CONVERSION = YES;
				CLANG_WARN_DEPRECATED_OBJC_IMPLEMENTATIONS = YES;
				CLANG_WARN_DIRECT_OBJC_ISA_USAGE = YES_ERROR;
				CLANG_WARN_DOCUMENTATION_COMMENTS = YES;
				CLANG_WARN_EMPTY_BODY = YES;
				CLANG_WARN_ENUM_CONVERSION = YES;
				CLANG_WARN_INFINITE_RECURSION = YES;
				CLANG_WARN_INT_CONVERSION = YES;
				CLANG_WARN_NON_LITERAL_NULL_CONVERSION = YES;
				CLANG_WARN_OBJC_IMPLICIT_RETAIN_SELF = YES;
				CLANG_WARN_OBJC_LITERAL_CONVERSION = YES;
				CLANG_WARN_OBJC_ROOT_CLASS = YES_ERROR;
				CLANG_WARN_RANGE_LOOP_ANALYSIS = YES;
				CLANG_WARN_STRICT_PROTOTYPES = YES;
				CLANG_WARN_SUSPICIOUS_MOVE = YES;
				CLANG_WARN_UNGUARDED_AVAILABILITY = YES_AGGRESSIVE;
				CLANG_WARN_UNREACHABLE_CODE = YES;
				CLANG_WARN__DUPLICATE_METHOD_MATCH = YES;
				COPY_PHASE_STRIP = NO;
				DEBUG_INFORMATION_FORMAT = dwarf;
				ENABLE_STRICT_OBJC_MSGSEND = YES;
				ENABLE_TESTABILITY = YES;
				GCC_C_LANGUAGE_STANDARD = gnu11;
				GCC_DYNAMIC_NO_PIC = NO;
				GCC_NO_COMMON_BLOCKS = YES;
				GCC_OPTIMIZATION_LEVEL = 0;
				GCC_PREPROCESSOR_DEFINITIONS = (
					"DEBUG=1",
					"$(inherited)",
				);
				GCC_WARN_64_TO_32_BIT_CONVERSION = YES;
				GCC_WARN_ABOUT_RETURN_TYPE = YES_ERROR;
				GCC_WARN_UNDECLARED_SELECTOR = YES;
				GCC_WARN_UNINITIALIZED_AUTOS = YES_AGGRESSIVE;
				GCC_WARN_UNUSED_FUNCTION = YES;
				GCC_WARN_UNUSED_VARIABLE = YES;
				IPHONEOS_DEPLOYMENT_TARGET = 13.7;
				MTL_ENABLE_DEBUG_INFO = INCLUDE_SOURCE;
				MTL_FAST_MATH = YES;
				ONLY_ACTIVE_ARCH = YES;
				SDKROOT = iphoneos;
				SWIFT_ACTIVE_COMPILATION_CONDITIONS = DEBUG;
				SWIFT_OPTIMIZATION_LEVEL = "-Onone";
			};
			name = Debug;
		};
		71895E06250215AE00CC520C /* Release */ = {
			isa = XCBuildConfiguration;
			buildSettings = {
				ALWAYS_SEARCH_USER_PATHS = NO;
				CLANG_ANALYZER_NONNULL = YES;
				CLANG_ANALYZER_NUMBER_OBJECT_CONVERSION = YES_AGGRESSIVE;
				CLANG_CXX_LANGUAGE_STANDARD = "gnu++14";
				CLANG_CXX_LIBRARY = "libc++";
				CLANG_ENABLE_MODULES = YES;
				CLANG_ENABLE_OBJC_ARC = YES;
				CLANG_ENABLE_OBJC_WEAK = YES;
				CLANG_WARN_BLOCK_CAPTURE_AUTORELEASING = YES;
				CLANG_WARN_BOOL_CONVERSION = YES;
				CLANG_WARN_COMMA = YES;
				CLANG_WARN_CONSTANT_CONVERSION = YES;
				CLANG_WARN_DEPRECATED_OBJC_IMPLEMENTATIONS = YES;
				CLANG_WARN_DIRECT_OBJC_ISA_USAGE = YES_ERROR;
				CLANG_WARN_DOCUMENTATION_COMMENTS = YES;
				CLANG_WARN_EMPTY_BODY = YES;
				CLANG_WARN_ENUM_CONVERSION = YES;
				CLANG_WARN_INFINITE_RECURSION = YES;
				CLANG_WARN_INT_CONVERSION = YES;
				CLANG_WARN_NON_LITERAL_NULL_CONVERSION = YES;
				CLANG_WARN_OBJC_IMPLICIT_RETAIN_SELF = YES;
				CLANG_WARN_OBJC_LITERAL_CONVERSION = YES;
				CLANG_WARN_OBJC_ROOT_CLASS = YES_ERROR;
				CLANG_WARN_RANGE_LOOP_ANALYSIS = YES;
				CLANG_WARN_STRICT_PROTOTYPES = YES;
				CLANG_WARN_SUSPICIOUS_MOVE = YES;
				CLANG_WARN_UNGUARDED_AVAILABILITY = YES_AGGRESSIVE;
				CLANG_WARN_UNREACHABLE_CODE = YES;
				CLANG_WARN__DUPLICATE_METHOD_MATCH = YES;
				COPY_PHASE_STRIP = NO;
				DEBUG_INFORMATION_FORMAT = "dwarf-with-dsym";
				ENABLE_NS_ASSERTIONS = NO;
				ENABLE_STRICT_OBJC_MSGSEND = YES;
				GCC_C_LANGUAGE_STANDARD = gnu11;
				GCC_NO_COMMON_BLOCKS = YES;
				GCC_WARN_64_TO_32_BIT_CONVERSION = YES;
				GCC_WARN_ABOUT_RETURN_TYPE = YES_ERROR;
				GCC_WARN_UNDECLARED_SELECTOR = YES;
				GCC_WARN_UNINITIALIZED_AUTOS = YES_AGGRESSIVE;
				GCC_WARN_UNUSED_FUNCTION = YES;
				GCC_WARN_UNUSED_VARIABLE = YES;
				IPHONEOS_DEPLOYMENT_TARGET = 13.7;
				MTL_ENABLE_DEBUG_INFO = NO;
				MTL_FAST_MATH = YES;
				SDKROOT = iphoneos;
				SWIFT_COMPILATION_MODE = wholemodule;
				SWIFT_OPTIMIZATION_LEVEL = "-O";
				VALIDATE_PRODUCT = YES;
			};
			name = Release;
		};
		71895E08250215AE00CC520C /* Debug */ = {
			isa = XCBuildConfiguration;
			buildSettings = {
				ASSETCATALOG_COMPILER_APPICON_NAME = AppIcon;
				CODE_SIGN_STYLE = Automatic;
				INFOPLIST_FILE = TechPod/Info.plist;
				LD_RUNPATH_SEARCH_PATHS = (
					"$(inherited)",
					"@executable_path/Frameworks",
				);
				PRODUCT_BUNDLE_IDENTIFIER = com.tt.TechPod;
				PRODUCT_NAME = "$(TARGET_NAME)";
				SWIFT_VERSION = 5.0;
				TARGETED_DEVICE_FAMILY = "1,2";
			};
			name = Debug;
		};
		71895E09250215AE00CC520C /* Release */ = {
			isa = XCBuildConfiguration;
			buildSettings = {
				ASSETCATALOG_COMPILER_APPICON_NAME = AppIcon;
				CODE_SIGN_STYLE = Automatic;
				INFOPLIST_FILE = TechPod/Info.plist;
				LD_RUNPATH_SEARCH_PATHS = (
					"$(inherited)",
					"@executable_path/Frameworks",
				);
				PRODUCT_BUNDLE_IDENTIFIER = com.tt.TechPod;
				PRODUCT_NAME = "$(TARGET_NAME)";
				SWIFT_VERSION = 5.0;
				TARGETED_DEVICE_FAMILY = "1,2";
			};
			name = Release;
		};
		71895E0B250215AE00CC520C /* Debug */ = {
			isa = XCBuildConfiguration;
			buildSettings = {
				ALWAYS_EMBED_SWIFT_STANDARD_LIBRARIES = YES;
				BUNDLE_LOADER = "$(TEST_HOST)";
				CODE_SIGN_STYLE = Automatic;
				INFOPLIST_FILE = TechPodTests/Info.plist;
				IPHONEOS_DEPLOYMENT_TARGET = 13.7;
				LD_RUNPATH_SEARCH_PATHS = (
					"$(inherited)",
					"@executable_path/Frameworks",
					"@loader_path/Frameworks",
				);
				PRODUCT_BUNDLE_IDENTIFIER = com.tt.TechPodTests;
				PRODUCT_NAME = "$(TARGET_NAME)";
				SWIFT_VERSION = 5.0;
				TARGETED_DEVICE_FAMILY = "1,2";
				TEST_HOST = "$(BUILT_PRODUCTS_DIR)/TechPod.app/TechPod";
			};
			name = Debug;
		};
		71895E0C250215AE00CC520C /* Release */ = {
			isa = XCBuildConfiguration;
			buildSettings = {
				ALWAYS_EMBED_SWIFT_STANDARD_LIBRARIES = YES;
				BUNDLE_LOADER = "$(TEST_HOST)";
				CODE_SIGN_STYLE = Automatic;
				INFOPLIST_FILE = TechPodTests/Info.plist;
				IPHONEOS_DEPLOYMENT_TARGET = 13.7;
				LD_RUNPATH_SEARCH_PATHS = (
					"$(inherited)",
					"@executable_path/Frameworks",
					"@loader_path/Frameworks",
				);
				PRODUCT_BUNDLE_IDENTIFIER = com.tt.TechPodTests;
				PRODUCT_NAME = "$(TARGET_NAME)";
				SWIFT_VERSION = 5.0;
				TARGETED_DEVICE_FAMILY = "1,2";
				TEST_HOST = "$(BUILT_PRODUCTS_DIR)/TechPod.app/TechPod";
			};
			name = Release;
		};
		71895E0E250215AE00CC520C /* Debug */ = {
			isa = XCBuildConfiguration;
			buildSettings = {
				ALWAYS_EMBED_SWIFT_STANDARD_LIBRARIES = YES;
				CODE_SIGN_STYLE = Automatic;
				INFOPLIST_FILE = TechPodUITests/Info.plist;
				LD_RUNPATH_SEARCH_PATHS = (
					"$(inherited)",
					"@executable_path/Frameworks",
					"@loader_path/Frameworks",
				);
				PRODUCT_BUNDLE_IDENTIFIER = com.tt.TechPodUITests;
				PRODUCT_NAME = "$(TARGET_NAME)";
				SWIFT_VERSION = 5.0;
				TARGETED_DEVICE_FAMILY = "1,2";
				TEST_TARGET_NAME = TechPod;
			};
			name = Debug;
		};
		71895E0F250215AE00CC520C /* Release */ = {
			isa = XCBuildConfiguration;
			buildSettings = {
				ALWAYS_EMBED_SWIFT_STANDARD_LIBRARIES = YES;
				CODE_SIGN_STYLE = Automatic;
				INFOPLIST_FILE = TechPodUITests/Info.plist;
				LD_RUNPATH_SEARCH_PATHS = (
					"$(inherited)",
					"@executable_path/Frameworks",
					"@loader_path/Frameworks",
				);
				PRODUCT_BUNDLE_IDENTIFIER = com.tt.TechPodUITests;
				PRODUCT_NAME = "$(TARGET_NAME)";
				SWIFT_VERSION = 5.0;
				TARGETED_DEVICE_FAMILY = "1,2";
				TEST_TARGET_NAME = TechPod;
			};
			name = Release;
		};
/* End XCBuildConfiguration section */

/* Begin XCConfigurationList section */
		71895DD8250215AD00CC520C /* Build configuration list for PBXProject "TechPod" */ = {
			isa = XCConfigurationList;
			buildConfigurations = (
				71895E05250215AE00CC520C /* Debug */,
				71895E06250215AE00CC520C /* Release */,
			);
			defaultConfigurationIsVisible = 0;
			defaultConfigurationName = Release;
		};
		71895E07250215AE00CC520C /* Build configuration list for PBXNativeTarget "TechPod" */ = {
			isa = XCConfigurationList;
			buildConfigurations = (
				71895E08250215AE00CC520C /* Debug */,
				71895E09250215AE00CC520C /* Release */,
			);
			defaultConfigurationIsVisible = 0;
			defaultConfigurationName = Release;
		};
		71895E0A250215AE00CC520C /* Build configuration list for PBXNativeTarget "TechPodTests" */ = {
			isa = XCConfigurationList;
			buildConfigurations = (
				71895E0B250215AE00CC520C /* Debug */,
				71895E0C250215AE00CC520C /* Release */,
			);
			defaultConfigurationIsVisible = 0;
			defaultConfigurationName = Release;
		};
		71895E0D250215AE00CC520C /* Build configuration list for PBXNativeTarget "TechPodUITests" */ = {
			isa = XCConfigurationList;
			buildConfigurations = (
				71895E0E250215AE00CC520C /* Debug */,
				71895E0F250215AE00CC520C /* Release */,
			);
			defaultConfigurationIsVisible = 0;
			defaultConfigurationName = Release;
		};
/* End XCConfigurationList section */
	};
	rootObject = 71895DD5250215AD00CC520C /* Project object */;
}
