// !$*UTF8*$!
{
	archiveVersion = 1;
	classes = {
	};
	objectVersion = 50;
	objects = {

/* Begin PBXBuildFile section */
		7131695E24FF491900AB041F /* AppDelegate.swift in Sources */ = {isa = PBXBuildFile; fileRef = 7131695D24FF491900AB041F /* AppDelegate.swift */; };
		7131696024FF491900AB041F /* SceneDelegate.swift in Sources */ = {isa = PBXBuildFile; fileRef = 7131695F24FF491900AB041F /* SceneDelegate.swift */; };
		7131696224FF491900AB041F /* ViewController.swift in Sources */ = {isa = PBXBuildFile; fileRef = 7131696124FF491900AB041F /* ViewController.swift */; };
		7131696524FF491900AB041F /* Main.storyboard in Resources */ = {isa = PBXBuildFile; fileRef = 7131696324FF491900AB041F /* Main.storyboard */; };
		7131696724FF491B00AB041F /* Assets.xcassets in Resources */ = {isa = PBXBuildFile; fileRef = 7131696624FF491B00AB041F /* Assets.xcassets */; };
		7131696A24FF491B00AB041F /* LaunchScreen.storyboard in Resources */ = {isa = PBXBuildFile; fileRef = 7131696824FF491B00AB041F /* LaunchScreen.storyboard */; };
		7131697524FF491C00AB041F /* CountTests.swift in Sources */ = {isa = PBXBuildFile; fileRef = 7131697424FF491C00AB041F /* CountTests.swift */; };
		7131698024FF491C00AB041F /* CountUITests.swift in Sources */ = {isa = PBXBuildFile; fileRef = 7131697F24FF491C00AB041F /* CountUITests.swift */; };
		7131698E24FF4D1600AB041F /* mimicopy.png in Resources */ = {isa = PBXBuildFile; fileRef = 7131698D24FF4D1500AB041F /* mimicopy.png */; };
/* End PBXBuildFile section */

/* Begin PBXContainerItemProxy section */
		7131697124FF491C00AB041F /* PBXContainerItemProxy */ = {
			isa = PBXContainerItemProxy;
			containerPortal = 7131695224FF491900AB041F /* Project object */;
			proxyType = 1;
			remoteGlobalIDString = 7131695924FF491900AB041F;
			remoteInfo = Count;
		};
		7131697C24FF491C00AB041F /* PBXContainerItemProxy */ = {
			isa = PBXContainerItemProxy;
			containerPortal = 7131695224FF491900AB041F /* Project object */;
			proxyType = 1;
			remoteGlobalIDString = 7131695924FF491900AB041F;
			remoteInfo = Count;
		};
/* End PBXContainerItemProxy section */

/* Begin PBXFileReference section */
		7131695A24FF491900AB041F /* Count.app */ = {isa = PBXFileReference; explicitFileType = wrapper.application; includeInIndex = 0; path = Count.app; sourceTree = BUILT_PRODUCTS_DIR; };
		7131695D24FF491900AB041F /* AppDelegate.swift */ = {isa = PBXFileReference; lastKnownFileType = sourcecode.swift; path = AppDelegate.swift; sourceTree = "<group>"; };
		7131695F24FF491900AB041F /* SceneDelegate.swift */ = {isa = PBXFileReference; lastKnownFileType = sourcecode.swift; path = SceneDelegate.swift; sourceTree = "<group>"; };
		7131696124FF491900AB041F /* ViewController.swift */ = {isa = PBXFileReference; lastKnownFileType = sourcecode.swift; path = ViewController.swift; sourceTree = "<group>"; };
		7131696424FF491900AB041F /* Base */ = {isa = PBXFileReference; lastKnownFileType = file.storyboard; name = Base; path = Base.lproj/Main.storyboard; sourceTree = "<group>"; };
		7131696624FF491B00AB041F /* Assets.xcassets */ = {isa = PBXFileReference; lastKnownFileType = folder.assetcatalog; path = Assets.xcassets; sourceTree = "<group>"; };
		7131696924FF491B00AB041F /* Base */ = {isa = PBXFileReference; lastKnownFileType = file.storyboard; name = Base; path = Base.lproj/LaunchScreen.storyboard; sourceTree = "<group>"; };
		7131696B24FF491B00AB041F /* Info.plist */ = {isa = PBXFileReference; lastKnownFileType = text.plist.xml; path = Info.plist; sourceTree = "<group>"; };
		7131697024FF491C00AB041F /* CountTests.xctest */ = {isa = PBXFileReference; explicitFileType = wrapper.cfbundle; includeInIndex = 0; path = CountTests.xctest; sourceTree = BUILT_PRODUCTS_DIR; };
		7131697424FF491C00AB041F /* CountTests.swift */ = {isa = PBXFileReference; lastKnownFileType = sourcecode.swift; path = CountTests.swift; sourceTree = "<group>"; };
		7131697624FF491C00AB041F /* Info.plist */ = {isa = PBXFileReference; lastKnownFileType = text.plist.xml; path = Info.plist; sourceTree = "<group>"; };
		7131697B24FF491C00AB041F /* CountUITests.xctest */ = {isa = PBXFileReference; explicitFileType = wrapper.cfbundle; includeInIndex = 0; path = CountUITests.xctest; sourceTree = BUILT_PRODUCTS_DIR; };
		7131697F24FF491C00AB041F /* CountUITests.swift */ = {isa = PBXFileReference; lastKnownFileType = sourcecode.swift; path = CountUITests.swift; sourceTree = "<group>"; };
		7131698124FF491C00AB041F /* Info.plist */ = {isa = PBXFileReference; lastKnownFileType = text.plist.xml; path = Info.plist; sourceTree = "<group>"; };
		7131698D24FF4D1500AB041F /* mimicopy.png */ = {isa = PBXFileReference; lastKnownFileType = image.png; name = mimicopy.png; path = ../../../../Desktop/mimicopy.png; sourceTree = "<group>"; };
/* End PBXFileReference section */

/* Begin PBXFrameworksBuildPhase section */
		7131695724FF491900AB041F /* Frameworks */ = {
			isa = PBXFrameworksBuildPhase;
			buildActionMask = 2147483647;
			files = (
			);
			runOnlyForDeploymentPostprocessing = 0;
		};
		7131696D24FF491C00AB041F /* Frameworks */ = {
			isa = PBXFrameworksBuildPhase;
			buildActionMask = 2147483647;
			files = (
			);
			runOnlyForDeploymentPostprocessing = 0;
		};
		7131697824FF491C00AB041F /* Frameworks */ = {
			isa = PBXFrameworksBuildPhase;
			buildActionMask = 2147483647;
			files = (
			);
			runOnlyForDeploymentPostprocessing = 0;
		};
/* End PBXFrameworksBuildPhase section */

/* Begin PBXGroup section */
		7131695124FF491900AB041F = {
			isa = PBXGroup;
			children = (
				7131695C24FF491900AB041F /* Count */,
				7131697324FF491C00AB041F /* CountTests */,
				7131697E24FF491C00AB041F /* CountUITests */,
				7131695B24FF491900AB041F /* Products */,
			);
			sourceTree = "<group>";
		};
		7131695B24FF491900AB041F /* Products */ = {
			isa = PBXGroup;
			children = (
				7131695A24FF491900AB041F /* Count.app */,
				7131697024FF491C00AB041F /* CountTests.xctest */,
				7131697B24FF491C00AB041F /* CountUITests.xctest */,
			);
			name = Products;
			sourceTree = "<group>";
		};
		7131695C24FF491900AB041F /* Count */ = {
			isa = PBXGroup;
			children = (
				7131698D24FF4D1500AB041F /* mimicopy.png */,
				7131695D24FF491900AB041F /* AppDelegate.swift */,
				7131695F24FF491900AB041F /* SceneDelegate.swift */,
				7131696124FF491900AB041F /* ViewController.swift */,
				7131696324FF491900AB041F /* Main.storyboard */,
				7131696624FF491B00AB041F /* Assets.xcassets */,
				7131696824FF491B00AB041F /* LaunchScreen.storyboard */,
				7131696B24FF491B00AB041F /* Info.plist */,
			);
			path = Count;
			sourceTree = "<group>";
		};
		7131697324FF491C00AB041F /* CountTests */ = {
			isa = PBXGroup;
			children = (
				7131697424FF491C00AB041F /* CountTests.swift */,
				7131697624FF491C00AB041F /* Info.plist */,
			);
			path = CountTests;
			sourceTree = "<group>";
		};
		7131697E24FF491C00AB041F /* CountUITests */ = {
			isa = PBXGroup;
			children = (
				7131697F24FF491C00AB041F /* CountUITests.swift */,
				7131698124FF491C00AB041F /* Info.plist */,
			);
			path = CountUITests;
			sourceTree = "<group>";
		};
/* End PBXGroup section */

/* Begin PBXNativeTarget section */
		7131695924FF491900AB041F /* Count */ = {
			isa = PBXNativeTarget;
			buildConfigurationList = 7131698424FF491C00AB041F /* Build configuration list for PBXNativeTarget "Count" */;
			buildPhases = (
				7131695624FF491900AB041F /* Sources */,
				7131695724FF491900AB041F /* Frameworks */,
				7131695824FF491900AB041F /* Resources */,
			);
			buildRules = (
			);
			dependencies = (
			);
			name = Count;
			productName = Count;
			productReference = 7131695A24FF491900AB041F /* Count.app */;
			productType = "com.apple.product-type.application";
		};
		7131696F24FF491C00AB041F /* CountTests */ = {
			isa = PBXNativeTarget;
			buildConfigurationList = 7131698724FF491C00AB041F /* Build configuration list for PBXNativeTarget "CountTests" */;
			buildPhases = (
				7131696C24FF491C00AB041F /* Sources */,
				7131696D24FF491C00AB041F /* Frameworks */,
				7131696E24FF491C00AB041F /* Resources */,
			);
			buildRules = (
			);
			dependencies = (
				7131697224FF491C00AB041F /* PBXTargetDependency */,
			);
			name = CountTests;
			productName = CountTests;
			productReference = 7131697024FF491C00AB041F /* CountTests.xctest */;
			productType = "com.apple.product-type.bundle.unit-test";
		};
		7131697A24FF491C00AB041F /* CountUITests */ = {
			isa = PBXNativeTarget;
			buildConfigurationList = 7131698A24FF491C00AB041F /* Build configuration list for PBXNativeTarget "CountUITests" */;
			buildPhases = (
				7131697724FF491C00AB041F /* Sources */,
				7131697824FF491C00AB041F /* Frameworks */,
				7131697924FF491C00AB041F /* Resources */,
			);
			buildRules = (
			);
			dependencies = (
				7131697D24FF491C00AB041F /* PBXTargetDependency */,
			);
			name = CountUITests;
			productName = CountUITests;
			productReference = 7131697B24FF491C00AB041F /* CountUITests.xctest */;
			productType = "com.apple.product-type.bundle.ui-testing";
		};
/* End PBXNativeTarget section */

/* Begin PBXProject section */
		7131695224FF491900AB041F /* Project object */ = {
			isa = PBXProject;
			attributes = {
				LastSwiftUpdateCheck = 1170;
				LastUpgradeCheck = 1170;
				ORGANIZATIONNAME = "Tomoya Tanaka";
				TargetAttributes = {
					7131695924FF491900AB041F = {
						CreatedOnToolsVersion = 11.7;
					};
					7131696F24FF491C00AB041F = {
						CreatedOnToolsVersion = 11.7;
						TestTargetID = 7131695924FF491900AB041F;
					};
					7131697A24FF491C00AB041F = {
						CreatedOnToolsVersion = 11.7;
						TestTargetID = 7131695924FF491900AB041F;
					};
				};
			};
			buildConfigurationList = 7131695524FF491900AB041F /* Build configuration list for PBXProject "Count" */;
			compatibilityVersion = "Xcode 9.3";
			developmentRegion = en;
			hasScannedForEncodings = 0;
			knownRegions = (
				en,
				Base,
			);
			mainGroup = 7131695124FF491900AB041F;
			productRefGroup = 7131695B24FF491900AB041F /* Products */;
			projectDirPath = "";
			projectRoot = "";
			targets = (
				7131695924FF491900AB041F /* Count */,
				7131696F24FF491C00AB041F /* CountTests */,
				7131697A24FF491C00AB041F /* CountUITests */,
			);
		};
/* End PBXProject section */

/* Begin PBXResourcesBuildPhase section */
		7131695824FF491900AB041F /* Resources */ = {
			isa = PBXResourcesBuildPhase;
			buildActionMask = 2147483647;
			files = (
				7131696A24FF491B00AB041F /* LaunchScreen.storyboard in Resources */,
				7131696724FF491B00AB041F /* Assets.xcassets in Resources */,
				7131698E24FF4D1600AB041F /* mimicopy.png in Resources */,
				7131696524FF491900AB041F /* Main.storyboard in Resources */,
			);
			runOnlyForDeploymentPostprocessing = 0;
		};
		7131696E24FF491C00AB041F /* Resources */ = {
			isa = PBXResourcesBuildPhase;
			buildActionMask = 2147483647;
			files = (
			);
			runOnlyForDeploymentPostprocessing = 0;
		};
		7131697924FF491C00AB041F /* Resources */ = {
			isa = PBXResourcesBuildPhase;
			buildActionMask = 2147483647;
			files = (
			);
			runOnlyForDeploymentPostprocessing = 0;
		};
/* End PBXResourcesBuildPhase section */

/* Begin PBXSourcesBuildPhase section */
		7131695624FF491900AB041F /* Sources */ = {
			isa = PBXSourcesBuildPhase;
			buildActionMask = 2147483647;
			files = (
				7131696224FF491900AB041F /* ViewController.swift in Sources */,
				7131695E24FF491900AB041F /* AppDelegate.swift in Sources */,
				7131696024FF491900AB041F /* SceneDelegate.swift in Sources */,
			);
			runOnlyForDeploymentPostprocessing = 0;
		};
		7131696C24FF491C00AB041F /* Sources */ = {
			isa = PBXSourcesBuildPhase;
			buildActionMask = 2147483647;
			files = (
				7131697524FF491C00AB041F /* CountTests.swift in Sources */,
			);
			runOnlyForDeploymentPostprocessing = 0;
		};
		7131697724FF491C00AB041F /* Sources */ = {
			isa = PBXSourcesBuildPhase;
			buildActionMask = 2147483647;
			files = (
				7131698024FF491C00AB041F /* CountUITests.swift in Sources */,
			);
			runOnlyForDeploymentPostprocessing = 0;
		};
/* End PBXSourcesBuildPhase section */

/* Begin PBXTargetDependency section */
		7131697224FF491C00AB041F /* PBXTargetDependency */ = {
			isa = PBXTargetDependency;
			target = 7131695924FF491900AB041F /* Count */;
			targetProxy = 7131697124FF491C00AB041F /* PBXContainerItemProxy */;
		};
		7131697D24FF491C00AB041F /* PBXTargetDependency */ = {
			isa = PBXTargetDependency;
			target = 7131695924FF491900AB041F /* Count */;
			targetProxy = 7131697C24FF491C00AB041F /* PBXContainerItemProxy */;
		};
/* End PBXTargetDependency section */

/* Begin PBXVariantGroup section */
		7131696324FF491900AB041F /* Main.storyboard */ = {
			isa = PBXVariantGroup;
			children = (
				7131696424FF491900AB041F /* Base */,
			);
			name = Main.storyboard;
			sourceTree = "<group>";
		};
		7131696824FF491B00AB041F /* LaunchScreen.storyboard */ = {
			isa = PBXVariantGroup;
			children = (
				7131696924FF491B00AB041F /* Base */,
			);
			name = LaunchScreen.storyboard;
			sourceTree = "<group>";
		};
/* End PBXVariantGroup section */

/* Begin XCBuildConfiguration section */
		7131698224FF491C00AB041F /* Debug */ = {
			isa = XCBuildConfiguration;
			buildSettings = {
				ALWAYS_SEARCH_USER_PATHS = NO;
				CLANG_ANALYZER_NONNULL = YES;
				CLANG_ANALYZER_NUMBER_OBJECT_CONVERSION = YES_AGGRESSIVE;
				CLANG_CXX_LANGUAGE_STANDARD = "gnu++14";
				CLANG_CXX_LIBRARY = "libc++";
				CLANG_ENABLE_MODULES = YES;
				CLANG_ENABLE_OBJC_ARC = YES;
				CLANG_ENABLE_OBJC_WEAK = YES;
				CLANG_WARN_BLOCK_CAPTURE_AUTORELEASING = YES;
				CLANG_WARN_BOOL_CONVERSION = YES;
				CLANG_WARN_COMMA = YES;
				CLANG_WARN_CONSTANT_CONVERSION = YES;
				CLANG_WARN_DEPRECATED_OBJC_IMPLEMENTATIONS = YES;
				CLANG_WARN_DIRECT_OBJC_ISA_USAGE = YES_ERROR;
				CLANG_WARN_DOCUMENTATION_COMMENTS = YES;
				CLANG_WARN_EMPTY_BODY = YES;
				CLANG_WARN_ENUM_CONVERSION = YES;
				CLANG_WARN_INFINITE_RECURSION = YES;
				CLANG_WARN_INT_CONVERSION = YES;
				CLANG_WARN_NON_LITERAL_NULL_CONVERSION = YES;
				CLANG_WARN_OBJC_IMPLICIT_RETAIN_SELF = YES;
				CLANG_WARN_OBJC_LITERAL_CONVERSION = YES;
				CLANG_WARN_OBJC_ROOT_CLASS = YES_ERROR;
				CLANG_WARN_RANGE_LOOP_ANALYSIS = YES;
				CLANG_WARN_STRICT_PROTOTYPES = YES;
				CLANG_WARN_SUSPICIOUS_MOVE = YES;
				CLANG_WARN_UNGUARDED_AVAILABILITY = YES_AGGRESSIVE;
				CLANG_WARN_UNREACHABLE_CODE = YES;
				CLANG_WARN__DUPLICATE_METHOD_MATCH = YES;
				COPY_PHASE_STRIP = NO;
				DEBUG_INFORMATION_FORMAT = dwarf;
				ENABLE_STRICT_OBJC_MSGSEND = YES;
				ENABLE_TESTABILITY = YES;
				GCC_C_LANGUAGE_STANDARD = gnu11;
				GCC_DYNAMIC_NO_PIC = NO;
				GCC_NO_COMMON_BLOCKS = YES;
				GCC_OPTIMIZATION_LEVEL = 0;
				GCC_PREPROCESSOR_DEFINITIONS = (
					"DEBUG=1",
					"$(inherited)",
				);
				GCC_WARN_64_TO_32_BIT_CONVERSION = YES;
				GCC_WARN_ABOUT_RETURN_TYPE = YES_ERROR;
				GCC_WARN_UNDECLARED_SELECTOR = YES;
				GCC_WARN_UNINITIALIZED_AUTOS = YES_AGGRESSIVE;
				GCC_WARN_UNUSED_FUNCTION = YES;
				GCC_WARN_UNUSED_VARIABLE = YES;
				IPHONEOS_DEPLOYMENT_TARGET = 13.7;
				MTL_ENABLE_DEBUG_INFO = INCLUDE_SOURCE;
				MTL_FAST_MATH = YES;
				ONLY_ACTIVE_ARCH = YES;
				SDKROOT = iphoneos;
				SWIFT_ACTIVE_COMPILATION_CONDITIONS = DEBUG;
				SWIFT_OPTIMIZATION_LEVEL = "-Onone";
			};
			name = Debug;
		};
		7131698324FF491C00AB041F /* Release */ = {
			isa = XCBuildConfiguration;
			buildSettings = {
				ALWAYS_SEARCH_USER_PATHS = NO;
				CLANG_ANALYZER_NONNULL = YES;
				CLANG_ANALYZER_NUMBER_OBJECT_CONVERSION = YES_AGGRESSIVE;
				CLANG_CXX_LANGUAGE_STANDARD = "gnu++14";
				CLANG_CXX_LIBRARY = "libc++";
				CLANG_ENABLE_MODULES = YES;
				CLANG_ENABLE_OBJC_ARC = YES;
				CLANG_ENABLE_OBJC_WEAK = YES;
				CLANG_WARN_BLOCK_CAPTURE_AUTORELEASING = YES;
				CLANG_WARN_BOOL_CONVERSION = YES;
				CLANG_WARN_COMMA = YES;
				CLANG_WARN_CONSTANT_CONVERSION = YES;
				CLANG_WARN_DEPRECATED_OBJC_IMPLEMENTATIONS = YES;
				CLANG_WARN_DIRECT_OBJC_ISA_USAGE = YES_ERROR;
				CLANG_WARN_DOCUMENTATION_COMMENTS = YES;
				CLANG_WARN_EMPTY_BODY = YES;
				CLANG_WARN_ENUM_CONVERSION = YES;
				CLANG_WARN_INFINITE_RECURSION = YES;
				CLANG_WARN_INT_CONVERSION = YES;
				CLANG_WARN_NON_LITERAL_NULL_CONVERSION = YES;
				CLANG_WARN_OBJC_IMPLICIT_RETAIN_SELF = YES;
				CLANG_WARN_OBJC_LITERAL_CONVERSION = YES;
				CLANG_WARN_OBJC_ROOT_CLASS = YES_ERROR;
				CLANG_WARN_RANGE_LOOP_ANALYSIS = YES;
				CLANG_WARN_STRICT_PROTOTYPES = YES;
				CLANG_WARN_SUSPICIOUS_MOVE = YES;
				CLANG_WARN_UNGUARDED_AVAILABILITY = YES_AGGRESSIVE;
				CLANG_WARN_UNREACHABLE_CODE = YES;
				CLANG_WARN__DUPLICATE_METHOD_MATCH = YES;
				COPY_PHASE_STRIP = NO;
				DEBUG_INFORMATION_FORMAT = "dwarf-with-dsym";
				ENABLE_NS_ASSERTIONS = NO;
				ENABLE_STRICT_OBJC_MSGSEND = YES;
				GCC_C_LANGUAGE_STANDARD = gnu11;
				GCC_NO_COMMON_BLOCKS = YES;
				GCC_WARN_64_TO_32_BIT_CONVERSION = YES;
				GCC_WARN_ABOUT_RETURN_TYPE = YES_ERROR;
				GCC_WARN_UNDECLARED_SELECTOR = YES;
				GCC_WARN_UNINITIALIZED_AUTOS = YES_AGGRESSIVE;
				GCC_WARN_UNUSED_FUNCTION = YES;
				GCC_WARN_UNUSED_VARIABLE = YES;
				IPHONEOS_DEPLOYMENT_TARGET = 13.7;
				MTL_ENABLE_DEBUG_INFO = NO;
				MTL_FAST_MATH = YES;
				SDKROOT = iphoneos;
				SWIFT_COMPILATION_MODE = wholemodule;
				SWIFT_OPTIMIZATION_LEVEL = "-O";
				VALIDATE_PRODUCT = YES;
			};
			name = Release;
		};
		7131698524FF491C00AB041F /* Debug */ = {
			isa = XCBuildConfiguration;
			buildSettings = {
				ASSETCATALOG_COMPILER_APPICON_NAME = AppIcon;
				CODE_SIGN_STYLE = Automatic;
				INFOPLIST_FILE = Count/Info.plist;
				LD_RUNPATH_SEARCH_PATHS = (
					"$(inherited)",
					"@executable_path/Frameworks",
				);
				PRODUCT_BUNDLE_IDENTIFIER = com.tt.Count;
				PRODUCT_NAME = "$(TARGET_NAME)";
				SWIFT_VERSION = 5.0;
				TARGETED_DEVICE_FAMILY = "1,2";
			};
			name = Debug;
		};
		7131698624FF491C00AB041F /* Release */ = {
			isa = XCBuildConfiguration;
			buildSettings = {
				ASSETCATALOG_COMPILER_APPICON_NAME = AppIcon;
				CODE_SIGN_STYLE = Automatic;
				INFOPLIST_FILE = Count/Info.plist;
				LD_RUNPATH_SEARCH_PATHS = (
					"$(inherited)",
					"@executable_path/Frameworks",
				);
				PRODUCT_BUNDLE_IDENTIFIER = com.tt.Count;
				PRODUCT_NAME = "$(TARGET_NAME)";
				SWIFT_VERSION = 5.0;
				TARGETED_DEVICE_FAMILY = "1,2";
			};
			name = Release;
		};
		7131698824FF491C00AB041F /* Debug */ = {
			isa = XCBuildConfiguration;
			buildSettings = {
				ALWAYS_EMBED_SWIFT_STANDARD_LIBRARIES = YES;
				BUNDLE_LOADER = "$(TEST_HOST)";
				CODE_SIGN_STYLE = Automatic;
				INFOPLIST_FILE = CountTests/Info.plist;
				IPHONEOS_DEPLOYMENT_TARGET = 13.7;
				LD_RUNPATH_SEARCH_PATHS = (
					"$(inherited)",
					"@executable_path/Frameworks",
					"@loader_path/Frameworks",
				);
				PRODUCT_BUNDLE_IDENTIFIER = com.tt.CountTests;
				PRODUCT_NAME = "$(TARGET_NAME)";
				SWIFT_VERSION = 5.0;
				TARGETED_DEVICE_FAMILY = "1,2";
				TEST_HOST = "$(BUILT_PRODUCTS_DIR)/Count.app/Count";
			};
			name = Debug;
		};
		7131698924FF491C00AB041F /* Release */ = {
			isa = XCBuildConfiguration;
			buildSettings = {
				ALWAYS_EMBED_SWIFT_STANDARD_LIBRARIES = YES;
				BUNDLE_LOADER = "$(TEST_HOST)";
				CODE_SIGN_STYLE = Automatic;
				INFOPLIST_FILE = CountTests/Info.plist;
				IPHONEOS_DEPLOYMENT_TARGET = 13.7;
				LD_RUNPATH_SEARCH_PATHS = (
					"$(inherited)",
					"@executable_path/Frameworks",
					"@loader_path/Frameworks",
				);
				PRODUCT_BUNDLE_IDENTIFIER = com.tt.CountTests;
				PRODUCT_NAME = "$(TARGET_NAME)";
				SWIFT_VERSION = 5.0;
				TARGETED_DEVICE_FAMILY = "1,2";
				TEST_HOST = "$(BUILT_PRODUCTS_DIR)/Count.app/Count";
			};
			name = Release;
		};
		7131698B24FF491C00AB041F /* Debug */ = {
			isa = XCBuildConfiguration;
			buildSettings = {
				ALWAYS_EMBED_SWIFT_STANDARD_LIBRARIES = YES;
				CODE_SIGN_STYLE = Automatic;
				INFOPLIST_FILE = CountUITests/Info.plist;
				LD_RUNPATH_SEARCH_PATHS = (
					"$(inherited)",
					"@executable_path/Frameworks",
					"@loader_path/Frameworks",
				);
				PRODUCT_BUNDLE_IDENTIFIER = com.tt.CountUITests;
				PRODUCT_NAME = "$(TARGET_NAME)";
				SWIFT_VERSION = 5.0;
				TARGETED_DEVICE_FAMILY = "1,2";
				TEST_TARGET_NAME = Count;
			};
			name = Debug;
		};
		7131698C24FF491C00AB041F /* Release */ = {
			isa = XCBuildConfiguration;
			buildSettings = {
				ALWAYS_EMBED_SWIFT_STANDARD_LIBRARIES = YES;
				CODE_SIGN_STYLE = Automatic;
				INFOPLIST_FILE = CountUITests/Info.plist;
				LD_RUNPATH_SEARCH_PATHS = (
					"$(inherited)",
					"@executable_path/Frameworks",
					"@loader_path/Frameworks",
				);
				PRODUCT_BUNDLE_IDENTIFIER = com.tt.CountUITests;
				PRODUCT_NAME = "$(TARGET_NAME)";
				SWIFT_VERSION = 5.0;
				TARGETED_DEVICE_FAMILY = "1,2";
				TEST_TARGET_NAME = Count;
			};
			name = Release;
		};
/* End XCBuildConfiguration section */

/* Begin XCConfigurationList section */
		7131695524FF491900AB041F /* Build configuration list for PBXProject "Count" */ = {
			isa = XCConfigurationList;
			buildConfigurations = (
				7131698224FF491C00AB041F /* Debug */,
				7131698324FF491C00AB041F /* Release */,
			);
			defaultConfigurationIsVisible = 0;
			defaultConfigurationName = Release;
		};
		7131698424FF491C00AB041F /* Build configuration list for PBXNativeTarget "Count" */ = {
			isa = XCConfigurationList;
			buildConfigurations = (
				7131698524FF491C00AB041F /* Debug */,
				7131698624FF491C00AB041F /* Release */,
			);
			defaultConfigurationIsVisible = 0;
			defaultConfigurationName = Release;
		};
		7131698724FF491C00AB041F /* Build configuration list for PBXNativeTarget "CountTests" */ = {
			isa = XCConfigurationList;
			buildConfigurations = (
				7131698824FF491C00AB041F /* Debug */,
				7131698924FF491C00AB041F /* Release */,
			);
			defaultConfigurationIsVisible = 0;
			defaultConfigurationName = Release;
		};
		7131698A24FF491C00AB041F /* Build configuration list for PBXNativeTarget "CountUITests" */ = {
			isa = XCConfigurationList;
			buildConfigurations = (
				7131698B24FF491C00AB041F /* Debug */,
				7131698C24FF491C00AB041F /* Release */,
			);
			defaultConfigurationIsVisible = 0;
			defaultConfigurationName = Release;
		};
/* End XCConfigurationList section */
	};
	rootObject = 7131695224FF491900AB041F /* Project object */;
}
