// !$*UTF8*$!
{
	archiveVersion = 1;
	classes = {
	};
	objectVersion = 50;
	objects = {

/* Begin PBXBuildFile section */
		71895E2D25022ABE00CC520C /* AppDelegate.swift in Sources */ = {isa = PBXBuildFile; fileRef = 71895E2C25022ABE00CC520C /* AppDelegate.swift */; };
		71895E2F25022ABE00CC520C /* SceneDelegate.swift in Sources */ = {isa = PBXBuildFile; fileRef = 71895E2E25022ABE00CC520C /* SceneDelegate.swift */; };
		71895E3125022ABE00CC520C /* ViewController.swift in Sources */ = {isa = PBXBuildFile; fileRef = 71895E3025022ABE00CC520C /* ViewController.swift */; };
		71895E3425022ABE00CC520C /* Main.storyboard in Resources */ = {isa = PBXBuildFile; fileRef = 71895E3225022ABE00CC520C /* Main.storyboard */; };
		71895E3625022AC000CC520C /* Assets.xcassets in Resources */ = {isa = PBXBuildFile; fileRef = 71895E3525022AC000CC520C /* Assets.xcassets */; };
		71895E3925022AC000CC520C /* LaunchScreen.storyboard in Resources */ = {isa = PBXBuildFile; fileRef = 71895E3725022AC000CC520C /* LaunchScreen.storyboard */; };
		71895E4425022AC000CC520C /* TechMonTests.swift in Sources */ = {isa = PBXBuildFile; fileRef = 71895E4325022AC000CC520C /* TechMonTests.swift */; };
		71895E4F25022AC000CC520C /* TechMonUITests.swift in Sources */ = {isa = PBXBuildFile; fileRef = 71895E4E25022AC000CC520C /* TechMonUITests.swift */; };
		71895EC025022C6700CC520C /* lobby.png in Resources */ = {isa = PBXBuildFile; fileRef = 71895EAC25022C6700CC520C /* lobby.png */; };
		71895EC125022C6700CC520C /* battlebg.png in Resources */ = {isa = PBXBuildFile; fileRef = 71895EAD25022C6700CC520C /* battlebg.png */; };
		71895EC225022C6700CC520C /* bgimage.jpg in Resources */ = {isa = PBXBuildFile; fileRef = 71895EAE25022C6700CC520C /* bgimage.jpg */; };
		71895EC325022C6700CC520C /* waku.png in Resources */ = {isa = PBXBuildFile; fileRef = 71895EAF25022C6700CC520C /* waku.png */; };
		71895EC425022C6700CC520C /* gold_button.png in Resources */ = {isa = PBXBuildFile; fileRef = 71895EB025022C6700CC520C /* gold_button.png */; };
		71895EC525022C6700CC520C /* yusya.png in Resources */ = {isa = PBXBuildFile; fileRef = 71895EB125022C6700CC520C /* yusya.png */; };
		71895EC625022C6700CC520C /* monster.png in Resources */ = {isa = PBXBuildFile; fileRef = 71895EB225022C6700CC520C /* monster.png */; };
		71895EC725022C6700CC520C /* TechMonManager.swift in Sources */ = {isa = PBXBuildFile; fileRef = 71895EB425022C6700CC520C /* TechMonManager.swift */; };
		71895EC825022C6700CC520C /* Character.swift in Sources */ = {isa = PBXBuildFile; fileRef = 71895EB525022C6700CC520C /* Character.swift */; };
		71895EC925022C6700CC520C /* SE_fanfare.mp3 in Resources */ = {isa = PBXBuildFile; fileRef = 71895EB725022C6700CC520C /* SE_fanfare.mp3 */; };
		71895ECA25022C6700CC520C /* BGM_battle001.mp3 in Resources */ = {isa = PBXBuildFile; fileRef = 71895EB825022C6700CC520C /* BGM_battle001.mp3 */; };
		71895ECB25022C6700CC520C /* SE_fire.mp3 in Resources */ = {isa = PBXBuildFile; fileRef = 71895EB925022C6700CC520C /* SE_fire.mp3 */; };
		71895ECC25022C6700CC520C /* SE_attack.mp3 in Resources */ = {isa = PBXBuildFile; fileRef = 71895EBA25022C6700CC520C /* SE_attack.mp3 */; };
		71895ECD25022C6700CC520C /* SE_gameover.mp3 in Resources */ = {isa = PBXBuildFile; fileRef = 71895EBB25022C6700CC520C /* SE_gameover.mp3 */; };
		71895ECE25022C6700CC520C /* SE_charge.mp3 in Resources */ = {isa = PBXBuildFile; fileRef = 71895EBC25022C6700CC520C /* SE_charge.mp3 */; };
		71895ECF25022C6700CC520C /* lobby.mp3 in Resources */ = {isa = PBXBuildFile; fileRef = 71895EBD25022C6700CC520C /* lobby.mp3 */; };
		71895ED025022C6700CC520C /* misaki_gothic.ttf in Resources */ = {isa = PBXBuildFile; fileRef = 71895EBF25022C6700CC520C /* misaki_gothic.ttf */; };
		71895ED42502390400CC520C /* misaki_gothic_2nd.ttf in Resources */ = {isa = PBXBuildFile; fileRef = 71895ED12502390400CC520C /* misaki_gothic_2nd.ttf */; };
		71895ED52502390400CC520C /* misaki_mincho.ttf in Resources */ = {isa = PBXBuildFile; fileRef = 71895ED22502390400CC520C /* misaki_mincho.ttf */; };
		71895ED825025EE800CC520C /* LobbyViewController.swift in Sources */ = {isa = PBXBuildFile; fileRef = 71895ED725025EE800CC520C /* LobbyViewController.swift */; };
		71895EDA25025EFB00CC520C /* BattleViewController.swift in Sources */ = {isa = PBXBuildFile; fileRef = 71895ED925025EFB00CC520C /* BattleViewController.swift */; };
/* End PBXBuildFile section */

/* Begin PBXContainerItemProxy section */
		71895E4025022AC000CC520C /* PBXContainerItemProxy */ = {
			isa = PBXContainerItemProxy;
			containerPortal = 71895E2125022ABE00CC520C /* Project object */;
			proxyType = 1;
			remoteGlobalIDString = 71895E2825022ABE00CC520C;
			remoteInfo = TechMon;
		};
		71895E4B25022AC000CC520C /* PBXContainerItemProxy */ = {
			isa = PBXContainerItemProxy;
			containerPortal = 71895E2125022ABE00CC520C /* Project object */;
			proxyType = 1;
			remoteGlobalIDString = 71895E2825022ABE00CC520C;
			remoteInfo = TechMon;
		};
/* End PBXContainerItemProxy section */

/* Begin PBXFileReference section */
		71895E2925022ABE00CC520C /* TechMon.app */ = {isa = PBXFileReference; explicitFileType = wrapper.application; includeInIndex = 0; path = TechMon.app; sourceTree = BUILT_PRODUCTS_DIR; };
		71895E2C25022ABE00CC520C /* AppDelegate.swift */ = {isa = PBXFileReference; lastKnownFileType = sourcecode.swift; path = AppDelegate.swift; sourceTree = "<group>"; };
		71895E2E25022ABE00CC520C /* SceneDelegate.swift */ = {isa = PBXFileReference; lastKnownFileType = sourcecode.swift; path = SceneDelegate.swift; sourceTree = "<group>"; };
		71895E3025022ABE00CC520C /* ViewController.swift */ = {isa = PBXFileReference; lastKnownFileType = sourcecode.swift; path = ViewController.swift; sourceTree = "<group>"; };
		71895E3325022ABE00CC520C /* Base */ = {isa = PBXFileReference; lastKnownFileType = file.storyboard; name = Base; path = Base.lproj/Main.storyboard; sourceTree = "<group>"; };
		71895E3525022AC000CC520C /* Assets.xcassets */ = {isa = PBXFileReference; lastKnownFileType = folder.assetcatalog; path = Assets.xcassets; sourceTree = "<group>"; };
		71895E3825022AC000CC520C /* Base */ = {isa = PBXFileReference; lastKnownFileType = file.storyboard; name = Base; path = Base.lproj/LaunchScreen.storyboard; sourceTree = "<group>"; };
		71895E3A25022AC000CC520C /* Info.plist */ = {isa = PBXFileReference; lastKnownFileType = text.plist.xml; path = Info.plist; sourceTree = "<group>"; };
		71895E3F25022AC000CC520C /* TechMonTests.xctest */ = {isa = PBXFileReference; explicitFileType = wrapper.cfbundle; includeInIndex = 0; path = TechMonTests.xctest; sourceTree = BUILT_PRODUCTS_DIR; };
		71895E4325022AC000CC520C /* TechMonTests.swift */ = {isa = PBXFileReference; lastKnownFileType = sourcecode.swift; path = TechMonTests.swift; sourceTree = "<group>"; };
		71895E4525022AC000CC520C /* Info.plist */ = {isa = PBXFileReference; lastKnownFileType = text.plist.xml; path = Info.plist; sourceTree = "<group>"; };
		71895E4A25022AC000CC520C /* TechMonUITests.xctest */ = {isa = PBXFileReference; explicitFileType = wrapper.cfbundle; includeInIndex = 0; path = TechMonUITests.xctest; sourceTree = BUILT_PRODUCTS_DIR; };
		71895E4E25022AC000CC520C /* TechMonUITests.swift */ = {isa = PBXFileReference; lastKnownFileType = sourcecode.swift; path = TechMonUITests.swift; sourceTree = "<group>"; };
		71895E5025022AC000CC520C /* Info.plist */ = {isa = PBXFileReference; lastKnownFileType = text.plist.xml; path = Info.plist; sourceTree = "<group>"; };
		71895EAC25022C6700CC520C /* lobby.png */ = {isa = PBXFileReference; lastKnownFileType = image.png; path = lobby.png; sourceTree = "<group>"; };
		71895EAD25022C6700CC520C /* battlebg.png */ = {isa = PBXFileReference; lastKnownFileType = image.png; path = battlebg.png; sourceTree = "<group>"; };
		71895EAE25022C6700CC520C /* bgimage.jpg */ = {isa = PBXFileReference; lastKnownFileType = image.jpeg; path = bgimage.jpg; sourceTree = "<group>"; };
		71895EAF25022C6700CC520C /* waku.png */ = {isa = PBXFileReference; lastKnownFileType = image.png; path = waku.png; sourceTree = "<group>"; };
		71895EB025022C6700CC520C /* gold_button.png */ = {isa = PBXFileReference; lastKnownFileType = image.png; path = gold_button.png; sourceTree = "<group>"; };
		71895EB125022C6700CC520C /* yusya.png */ = {isa = PBXFileReference; lastKnownFileType = image.png; path = yusya.png; sourceTree = "<group>"; };
		71895EB225022C6700CC520C /* monster.png */ = {isa = PBXFileReference; lastKnownFileType = image.png; path = monster.png; sourceTree = "<group>"; };
		71895EB425022C6700CC520C /* TechMonManager.swift */ = {isa = PBXFileReference; fileEncoding = 4; lastKnownFileType = sourcecode.swift; path = TechMonManager.swift; sourceTree = "<group>"; };
		71895EB525022C6700CC520C /* Character.swift */ = {isa = PBXFileReference; fileEncoding = 4; lastKnownFileType = sourcecode.swift; path = Character.swift; sourceTree = "<group>"; };
		71895EB725022C6700CC520C /* SE_fanfare.mp3 */ = {isa = PBXFileReference; lastKnownFileType = audio.mp3; path = SE_fanfare.mp3; sourceTree = "<group>"; };
		71895EB825022C6700CC520C /* BGM_battle001.mp3 */ = {isa = PBXFileReference; lastKnownFileType = audio.mp3; path = BGM_battle001.mp3; sourceTree = "<group>"; };
		71895EB925022C6700CC520C /* SE_fire.mp3 */ = {isa = PBXFileReference; lastKnownFileType = audio.mp3; path = SE_fire.mp3; sourceTree = "<group>"; };
		71895EBA25022C6700CC520C /* SE_attack.mp3 */ = {isa = PBXFileReference; lastKnownFileType = audio.mp3; path = SE_attack.mp3; sourceTree = "<group>"; };
		71895EBB25022C6700CC520C /* SE_gameover.mp3 */ = {isa = PBXFileReference; lastKnownFileType = audio.mp3; path = SE_gameover.mp3; sourceTree = "<group>"; };
		71895EBC25022C6700CC520C /* SE_charge.mp3 */ = {isa = PBXFileReference; lastKnownFileType = audio.mp3; path = SE_charge.mp3; sourceTree = "<group>"; };
		71895EBD25022C6700CC520C /* lobby.mp3 */ = {isa = PBXFileReference; lastKnownFileType = audio.mp3; path = lobby.mp3; sourceTree = "<group>"; };
		71895EBF25022C6700CC520C /* misaki_gothic.ttf */ = {isa = PBXFileReference; lastKnownFileType = file; path = misaki_gothic.ttf; sourceTree = "<group>"; };
		71895ED12502390400CC520C /* misaki_gothic_2nd.ttf */ = {isa = PBXFileReference; lastKnownFileType = file; path = misaki_gothic_2nd.ttf; sourceTree = "<group>"; };
		71895ED22502390400CC520C /* misaki_mincho.ttf */ = {isa = PBXFileReference; lastKnownFileType = file; path = misaki_mincho.ttf; sourceTree = "<group>"; };
		71895ED725025EE800CC520C /* LobbyViewController.swift */ = {isa = PBXFileReference; lastKnownFileType = sourcecode.swift; path = LobbyViewController.swift; sourceTree = "<group>"; };
		71895ED925025EFB00CC520C /* BattleViewController.swift */ = {isa = PBXFileReference; lastKnownFileType = sourcecode.swift; path = BattleViewController.swift; sourceTree = "<group>"; };
/* End PBXFileReference section */

/* Begin PBXFrameworksBuildPhase section */
		71895E2625022ABE00CC520C /* Frameworks */ = {
			isa = PBXFrameworksBuildPhase;
			buildActionMask = 2147483647;
			files = (
			);
			runOnlyForDeploymentPostprocessing = 0;
		};
		71895E3C25022AC000CC520C /* Frameworks */ = {
			isa = PBXFrameworksBuildPhase;
			buildActionMask = 2147483647;
			files = (
			);
			runOnlyForDeploymentPostprocessing = 0;
		};
		71895E4725022AC000CC520C /* Frameworks */ = {
			isa = PBXFrameworksBuildPhase;
			buildActionMask = 2147483647;
			files = (
			);
			runOnlyForDeploymentPostprocessing = 0;
		};
/* End PBXFrameworksBuildPhase section */

/* Begin PBXGroup section */
		71895E2025022ABE00CC520C = {
			isa = PBXGroup;
			children = (
				71895E2B25022ABE00CC520C /* TechMon */,
				71895E4225022AC000CC520C /* TechMonTests */,
				71895E4D25022AC000CC520C /* TechMonUITests */,
				71895E2A25022ABE00CC520C /* Products */,
			);
			sourceTree = "<group>";
		};
		71895E2A25022ABE00CC520C /* Products */ = {
			isa = PBXGroup;
			children = (
				71895E2925022ABE00CC520C /* TechMon.app */,
				71895E3F25022AC000CC520C /* TechMonTests.xctest */,
				71895E4A25022AC000CC520C /* TechMonUITests.xctest */,
			);
			name = Products;
			sourceTree = "<group>";
		};
		71895E2B25022ABE00CC520C /* TechMon */ = {
			isa = PBXGroup;
			children = (
				71895EAA25022C6700CC520C /* TechMon_Resource */,
				71895E2C25022ABE00CC520C /* AppDelegate.swift */,
				71895E2E25022ABE00CC520C /* SceneDelegate.swift */,
				71895E3025022ABE00CC520C /* ViewController.swift */,
				71895E3225022ABE00CC520C /* Main.storyboard */,
				71895E3525022AC000CC520C /* Assets.xcassets */,
				71895E3725022AC000CC520C /* LaunchScreen.storyboard */,
				71895E3A25022AC000CC520C /* Info.plist */,
				71895ED725025EE800CC520C /* LobbyViewController.swift */,
				71895ED925025EFB00CC520C /* BattleViewController.swift */,
			);
			path = TechMon;
			sourceTree = "<group>";
		};
		71895E4225022AC000CC520C /* TechMonTests */ = {
			isa = PBXGroup;
			children = (
				71895E4325022AC000CC520C /* TechMonTests.swift */,
				71895E4525022AC000CC520C /* Info.plist */,
			);
			path = TechMonTests;
			sourceTree = "<group>";
		};
		71895E4D25022AC000CC520C /* TechMonUITests */ = {
			isa = PBXGroup;
			children = (
				71895E4E25022AC000CC520C /* TechMonUITests.swift */,
				71895E5025022AC000CC520C /* Info.plist */,
			);
			path = TechMonUITests;
			sourceTree = "<group>";
		};
		71895EAA25022C6700CC520C /* TechMon_Resource */ = {
			isa = PBXGroup;
			children = (
				71895ED12502390400CC520C /* misaki_gothic_2nd.ttf */,
				71895ED22502390400CC520C /* misaki_mincho.ttf */,
				71895EAB25022C6700CC520C /* Images */,
				71895EB325022C6700CC520C /* Models */,
				71895EB625022C6700CC520C /* Sounds */,
				71895EBE25022C6700CC520C /* Fonts */,
			);
			path = TechMon_Resource;
			sourceTree = "<group>";
		};
		71895EAB25022C6700CC520C /* Images */ = {
			isa = PBXGroup;
			children = (
				71895EAC25022C6700CC520C /* lobby.png */,
				71895EAD25022C6700CC520C /* battlebg.png */,
				71895EAE25022C6700CC520C /* bgimage.jpg */,
				71895EAF25022C6700CC520C /* waku.png */,
				71895EB025022C6700CC520C /* gold_button.png */,
				71895EB125022C6700CC520C /* yusya.png */,
				71895EB225022C6700CC520C /* monster.png */,
			);
			path = Images;
			sourceTree = "<group>";
		};
		71895EB325022C6700CC520C /* Models */ = {
			isa = PBXGroup;
			children = (
				71895EB425022C6700CC520C /* TechMonManager.swift */,
				71895EB525022C6700CC520C /* Character.swift */,
			);
			path = Models;
			sourceTree = "<group>";
		};
		71895EB625022C6700CC520C /* Sounds */ = {
			isa = PBXGroup;
			children = (
				71895EB725022C6700CC520C /* SE_fanfare.mp3 */,
				71895EB825022C6700CC520C /* BGM_battle001.mp3 */,
				71895EB925022C6700CC520C /* SE_fire.mp3 */,
				71895EBA25022C6700CC520C /* SE_attack.mp3 */,
				71895EBB25022C6700CC520C /* SE_gameover.mp3 */,
				71895EBC25022C6700CC520C /* SE_charge.mp3 */,
				71895EBD25022C6700CC520C /* lobby.mp3 */,
			);
			path = Sounds;
			sourceTree = "<group>";
		};
		71895EBE25022C6700CC520C /* Fonts */ = {
			isa = PBXGroup;
			children = (
				71895EBF25022C6700CC520C /* misaki_gothic.ttf */,
			);
			path = Fonts;
			sourceTree = "<group>";
		};
/* End PBXGroup section */

/* Begin PBXNativeTarget section */
		71895E2825022ABE00CC520C /* TechMon */ = {
			isa = PBXNativeTarget;
			buildConfigurationList = 71895E5325022AC000CC520C /* Build configuration list for PBXNativeTarget "TechMon" */;
			buildPhases = (
				71895E2525022ABE00CC520C /* Sources */,
				71895E2625022ABE00CC520C /* Frameworks */,
				71895E2725022ABE00CC520C /* Resources */,
			);
			buildRules = (
			);
			dependencies = (
			);
			name = TechMon;
			productName = TechMon;
			productReference = 71895E2925022ABE00CC520C /* TechMon.app */;
			productType = "com.apple.product-type.application";
		};
		71895E3E25022AC000CC520C /* TechMonTests */ = {
			isa = PBXNativeTarget;
			buildConfigurationList = 71895E5625022AC000CC520C /* Build configuration list for PBXNativeTarget "TechMonTests" */;
			buildPhases = (
				71895E3B25022AC000CC520C /* Sources */,
				71895E3C25022AC000CC520C /* Frameworks */,
				71895E3D25022AC000CC520C /* Resources */,
			);
			buildRules = (
			);
			dependencies = (
				71895E4125022AC000CC520C /* PBXTargetDependency */,
			);
			name = TechMonTests;
			productName = TechMonTests;
			productReference = 71895E3F25022AC000CC520C /* TechMonTests.xctest */;
			productType = "com.apple.product-type.bundle.unit-test";
		};
		71895E4925022AC000CC520C /* TechMonUITests */ = {
			isa = PBXNativeTarget;
			buildConfigurationList = 71895E5925022AC000CC520C /* Build configuration list for PBXNativeTarget "TechMonUITests" */;
			buildPhases = (
				71895E4625022AC000CC520C /* Sources */,
				71895E4725022AC000CC520C /* Frameworks */,
				71895E4825022AC000CC520C /* Resources */,
			);
			buildRules = (
			);
			dependencies = (
				71895E4C25022AC000CC520C /* PBXTargetDependency */,
			);
			name = TechMonUITests;
			productName = TechMonUITests;
			productReference = 71895E4A25022AC000CC520C /* TechMonUITests.xctest */;
			productType = "com.apple.product-type.bundle.ui-testing";
		};
/* End PBXNativeTarget section */

/* Begin PBXProject section */
		71895E2125022ABE00CC520C /* Project object */ = {
			isa = PBXProject;
			attributes = {
				LastSwiftUpdateCheck = 1170;
				LastUpgradeCheck = 1170;
				ORGANIZATIONNAME = "Tomoya Tanaka";
				TargetAttributes = {
					71895E2825022ABE00CC520C = {
						CreatedOnToolsVersion = 11.7;
					};
					71895E3E25022AC000CC520C = {
						CreatedOnToolsVersion = 11.7;
						TestTargetID = 71895E2825022ABE00CC520C;
					};
					71895E4925022AC000CC520C = {
						CreatedOnToolsVersion = 11.7;
						TestTargetID = 71895E2825022ABE00CC520C;
					};
				};
			};
			buildConfigurationList = 71895E2425022ABE00CC520C /* Build configuration list for PBXProject "TechMon" */;
			compatibilityVersion = "Xcode 9.3";
			developmentRegion = en;
			hasScannedForEncodings = 0;
			knownRegions = (
				en,
				Base,
			);
			mainGroup = 71895E2025022ABE00CC520C;
			productRefGroup = 71895E2A25022ABE00CC520C /* Products */;
			projectDirPath = "";
			projectRoot = "";
			targets = (
				71895E2825022ABE00CC520C /* TechMon */,
				71895E3E25022AC000CC520C /* TechMonTests */,
				71895E4925022AC000CC520C /* TechMonUITests */,
			);
		};
/* End PBXProject section */

/* Begin PBXResourcesBuildPhase section */
		71895E2725022ABE00CC520C /* Resources */ = {
			isa = PBXResourcesBuildPhase;
			buildActionMask = 2147483647;
			files = (
				71895EC525022C6700CC520C /* yusya.png in Resources */,
				71895EC225022C6700CC520C /* bgimage.jpg in Resources */,
				71895EC325022C6700CC520C /* waku.png in Resources */,
				71895EC925022C6700CC520C /* SE_fanfare.mp3 in Resources */,
				71895EC025022C6700CC520C /* lobby.png in Resources */,
				71895EC425022C6700CC520C /* gold_button.png in Resources */,
				71895ECC25022C6700CC520C /* SE_attack.mp3 in Resources */,
				71895E3925022AC000CC520C /* LaunchScreen.storyboard in Resources */,
				71895ECF25022C6700CC520C /* lobby.mp3 in Resources */,
				71895E3625022AC000CC520C /* Assets.xcassets in Resources */,
				71895ED025022C6700CC520C /* misaki_gothic.ttf in Resources */,
				71895ECD25022C6700CC520C /* SE_gameover.mp3 in Resources */,
				71895ED52502390400CC520C /* misaki_mincho.ttf in Resources */,
				71895EC125022C6700CC520C /* battlebg.png in Resources */,
				71895ED42502390400CC520C /* misaki_gothic_2nd.ttf in Resources */,
				71895ECA25022C6700CC520C /* BGM_battle001.mp3 in Resources */,
				71895ECE25022C6700CC520C /* SE_charge.mp3 in Resources */,
				71895ECB25022C6700CC520C /* SE_fire.mp3 in Resources */,
				71895EC625022C6700CC520C /* monster.png in Resources */,
				71895E3425022ABE00CC520C /* Main.storyboard in Resources */,
			);
			runOnlyForDeploymentPostprocessing = 0;
		};
		71895E3D25022AC000CC520C /* Resources */ = {
			isa = PBXResourcesBuildPhase;
			buildActionMask = 2147483647;
			files = (
			);
			runOnlyForDeploymentPostprocessing = 0;
		};
		71895E4825022AC000CC520C /* Resources */ = {
			isa = PBXResourcesBuildPhase;
			buildActionMask = 2147483647;
			files = (
			);
			runOnlyForDeploymentPostprocessing = 0;
		};
/* End PBXResourcesBuildPhase section */

/* Begin PBXSourcesBuildPhase section */
		71895E2525022ABE00CC520C /* Sources */ = {
			isa = PBXSourcesBuildPhase;
			buildActionMask = 2147483647;
			files = (
				71895EDA25025EFB00CC520C /* BattleViewController.swift in Sources */,
				71895EC725022C6700CC520C /* TechMonManager.swift in Sources */,
				71895E3125022ABE00CC520C /* ViewController.swift in Sources */,
				71895EC825022C6700CC520C /* Character.swift in Sources */,
				71895ED825025EE800CC520C /* LobbyViewController.swift in Sources */,
				71895E2D25022ABE00CC520C /* AppDelegate.swift in Sources */,
				71895E2F25022ABE00CC520C /* SceneDelegate.swift in Sources */,
			);
			runOnlyForDeploymentPostprocessing = 0;
		};
		71895E3B25022AC000CC520C /* Sources */ = {
			isa = PBXSourcesBuildPhase;
			buildActionMask = 2147483647;
			files = (
				71895E4425022AC000CC520C /* TechMonTests.swift in Sources */,
			);
			runOnlyForDeploymentPostprocessing = 0;
		};
		71895E4625022AC000CC520C /* Sources */ = {
			isa = PBXSourcesBuildPhase;
			buildActionMask = 2147483647;
			files = (
				71895E4F25022AC000CC520C /* TechMonUITests.swift in Sources */,
			);
			runOnlyForDeploymentPostprocessing = 0;
		};
/* End PBXSourcesBuildPhase section */

/* Begin PBXTargetDependency section */
		71895E4125022AC000CC520C /* PBXTargetDependency */ = {
			isa = PBXTargetDependency;
			target = 71895E2825022ABE00CC520C /* TechMon */;
			targetProxy = 71895E4025022AC000CC520C /* PBXContainerItemProxy */;
		};
		71895E4C25022AC000CC520C /* PBXTargetDependency */ = {
			isa = PBXTargetDependency;
			target = 71895E2825022ABE00CC520C /* TechMon */;
			targetProxy = 71895E4B25022AC000CC520C /* PBXContainerItemProxy */;
		};
/* End PBXTargetDependency section */

/* Begin PBXVariantGroup section */
		71895E3225022ABE00CC520C /* Main.storyboard */ = {
			isa = PBXVariantGroup;
			children = (
				71895E3325022ABE00CC520C /* Base */,
			);
			name = Main.storyboard;
			sourceTree = "<group>";
		};
		71895E3725022AC000CC520C /* LaunchScreen.storyboard */ = {
			isa = PBXVariantGroup;
			children = (
				71895E3825022AC000CC520C /* Base */,
			);
			name = LaunchScreen.storyboard;
			sourceTree = "<group>";
		};
/* End PBXVariantGroup section */

/* Begin XCBuildConfiguration section */
		71895E5125022AC000CC520C /* Debug */ = {
			isa = XCBuildConfiguration;
			buildSettings = {
				ALWAYS_SEARCH_USER_PATHS = NO;
				CLANG_ANALYZER_NONNULL = YES;
				CLANG_ANALYZER_NUMBER_OBJECT_CONVERSION = YES_AGGRESSIVE;
				CLANG_CXX_LANGUAGE_STANDARD = "gnu++14";
				CLANG_CXX_LIBRARY = "libc++";
				CLANG_ENABLE_MODULES = YES;
				CLANG_ENABLE_OBJC_ARC = YES;
				CLANG_ENABLE_OBJC_WEAK = YES;
				CLANG_WARN_BLOCK_CAPTURE_AUTORELEASING = YES;
				CLANG_WARN_BOOL_CONVERSION = YES;
				CLANG_WARN_COMMA = YES;
				CLANG_WARN_CONSTANT_CONVERSION = YES;
				CLANG_WARN_DEPRECATED_OBJC_IMPLEMENTATIONS = YES;
				CLANG_WARN_DIRECT_OBJC_ISA_USAGE = YES_ERROR;
				CLANG_WARN_DOCUMENTATION_COMMENTS = YES;
				CLANG_WARN_EMPTY_BODY = YES;
				CLANG_WARN_ENUM_CONVERSION = YES;
				CLANG_WARN_INFINITE_RECURSION = YES;
				CLANG_WARN_INT_CONVERSION = YES;
				CLANG_WARN_NON_LITERAL_NULL_CONVERSION = YES;
				CLANG_WARN_OBJC_IMPLICIT_RETAIN_SELF = YES;
				CLANG_WARN_OBJC_LITERAL_CONVERSION = YES;
				CLANG_WARN_OBJC_ROOT_CLASS = YES_ERROR;
				CLANG_WARN_RANGE_LOOP_ANALYSIS = YES;
				CLANG_WARN_STRICT_PROTOTYPES = YES;
				CLANG_WARN_SUSPICIOUS_MOVE = YES;
				CLANG_WARN_UNGUARDED_AVAILABILITY = YES_AGGRESSIVE;
				CLANG_WARN_UNREACHABLE_CODE = YES;
				CLANG_WARN__DUPLICATE_METHOD_MATCH = YES;
				COPY_PHASE_STRIP = NO;
				DEBUG_INFORMATION_FORMAT = dwarf;
				ENABLE_STRICT_OBJC_MSGSEND = YES;
				ENABLE_TESTABILITY = YES;
				GCC_C_LANGUAGE_STANDARD = gnu11;
				GCC_DYNAMIC_NO_PIC = NO;
				GCC_NO_COMMON_BLOCKS = YES;
				GCC_OPTIMIZATION_LEVEL = 0;
				GCC_PREPROCESSOR_DEFINITIONS = (
					"DEBUG=1",
					"$(inherited)",
				);
				GCC_WARN_64_TO_32_BIT_CONVERSION = YES;
				GCC_WARN_ABOUT_RETURN_TYPE = YES_ERROR;
				GCC_WARN_UNDECLARED_SELECTOR = YES;
				GCC_WARN_UNINITIALIZED_AUTOS = YES_AGGRESSIVE;
				GCC_WARN_UNUSED_FUNCTION = YES;
				GCC_WARN_UNUSED_VARIABLE = YES;
				IPHONEOS_DEPLOYMENT_TARGET = 13.7;
				MTL_ENABLE_DEBUG_INFO = INCLUDE_SOURCE;
				MTL_FAST_MATH = YES;
				ONLY_ACTIVE_ARCH = YES;
				SDKROOT = iphoneos;
				SWIFT_ACTIVE_COMPILATION_CONDITIONS = DEBUG;
				SWIFT_OPTIMIZATION_LEVEL = "-Onone";
			};
			name = Debug;
		};
		71895E5225022AC000CC520C /* Release */ = {
			isa = XCBuildConfiguration;
			buildSettings = {
				ALWAYS_SEARCH_USER_PATHS = NO;
				CLANG_ANALYZER_NONNULL = YES;
				CLANG_ANALYZER_NUMBER_OBJECT_CONVERSION = YES_AGGRESSIVE;
				CLANG_CXX_LANGUAGE_STANDARD = "gnu++14";
				CLANG_CXX_LIBRARY = "libc++";
				CLANG_ENABLE_MODULES = YES;
				CLANG_ENABLE_OBJC_ARC = YES;
				CLANG_ENABLE_OBJC_WEAK = YES;
				CLANG_WARN_BLOCK_CAPTURE_AUTORELEASING = YES;
				CLANG_WARN_BOOL_CONVERSION = YES;
				CLANG_WARN_COMMA = YES;
				CLANG_WARN_CONSTANT_CONVERSION = YES;
				CLANG_WARN_DEPRECATED_OBJC_IMPLEMENTATIONS = YES;
				CLANG_WARN_DIRECT_OBJC_ISA_USAGE = YES_ERROR;
				CLANG_WARN_DOCUMENTATION_COMMENTS = YES;
				CLANG_WARN_EMPTY_BODY = YES;
				CLANG_WARN_ENUM_CONVERSION = YES;
				CLANG_WARN_INFINITE_RECURSION = YES;
				CLANG_WARN_INT_CONVERSION = YES;
				CLANG_WARN_NON_LITERAL_NULL_CONVERSION = YES;
				CLANG_WARN_OBJC_IMPLICIT_RETAIN_SELF = YES;
				CLANG_WARN_OBJC_LITERAL_CONVERSION = YES;
				CLANG_WARN_OBJC_ROOT_CLASS = YES_ERROR;
				CLANG_WARN_RANGE_LOOP_ANALYSIS = YES;
				CLANG_WARN_STRICT_PROTOTYPES = YES;
				CLANG_WARN_SUSPICIOUS_MOVE = YES;
				CLANG_WARN_UNGUARDED_AVAILABILITY = YES_AGGRESSIVE;
				CLANG_WARN_UNREACHABLE_CODE = YES;
				CLANG_WARN__DUPLICATE_METHOD_MATCH = YES;
				COPY_PHASE_STRIP = NO;
				DEBUG_INFORMATION_FORMAT = "dwarf-with-dsym";
				ENABLE_NS_ASSERTIONS = NO;
				ENABLE_STRICT_OBJC_MSGSEND = YES;
				GCC_C_LANGUAGE_STANDARD = gnu11;
				GCC_NO_COMMON_BLOCKS = YES;
				GCC_WARN_64_TO_32_BIT_CONVERSION = YES;
				GCC_WARN_ABOUT_RETURN_TYPE = YES_ERROR;
				GCC_WARN_UNDECLARED_SELECTOR = YES;
				GCC_WARN_UNINITIALIZED_AUTOS = YES_AGGRESSIVE;
				GCC_WARN_UNUSED_FUNCTION = YES;
				GCC_WARN_UNUSED_VARIABLE = YES;
				IPHONEOS_DEPLOYMENT_TARGET = 13.7;
				MTL_ENABLE_DEBUG_INFO = NO;
				MTL_FAST_MATH = YES;
				SDKROOT = iphoneos;
				SWIFT_COMPILATION_MODE = wholemodule;
				SWIFT_OPTIMIZATION_LEVEL = "-O";
				VALIDATE_PRODUCT = YES;
			};
			name = Release;
		};
		71895E5425022AC000CC520C /* Debug */ = {
			isa = XCBuildConfiguration;
			buildSettings = {
				ASSETCATALOG_COMPILER_APPICON_NAME = AppIcon;
				CODE_SIGN_STYLE = Automatic;
				INFOPLIST_FILE = TechMon/Info.plist;
				LD_RUNPATH_SEARCH_PATHS = (
					"$(inherited)",
					"@executable_path/Frameworks",
				);
				PRODUCT_BUNDLE_IDENTIFIER = com.tt.TechMon;
				PRODUCT_NAME = "$(TARGET_NAME)";
				SWIFT_VERSION = 5.0;
				TARGETED_DEVICE_FAMILY = "1,2";
			};
			name = Debug;
		};
		71895E5525022AC000CC520C /* Release */ = {
			isa = XCBuildConfiguration;
			buildSettings = {
				ASSETCATALOG_COMPILER_APPICON_NAME = AppIcon;
				CODE_SIGN_STYLE = Automatic;
				INFOPLIST_FILE = TechMon/Info.plist;
				LD_RUNPATH_SEARCH_PATHS = (
					"$(inherited)",
					"@executable_path/Frameworks",
				);
				PRODUCT_BUNDLE_IDENTIFIER = com.tt.TechMon;
				PRODUCT_NAME = "$(TARGET_NAME)";
				SWIFT_VERSION = 5.0;
				TARGETED_DEVICE_FAMILY = "1,2";
			};
			name = Release;
		};
		71895E5725022AC000CC520C /* Debug */ = {
			isa = XCBuildConfiguration;
			buildSettings = {
				ALWAYS_EMBED_SWIFT_STANDARD_LIBRARIES = YES;
				BUNDLE_LOADER = "$(TEST_HOST)";
				CODE_SIGN_STYLE = Automatic;
				INFOPLIST_FILE = TechMonTests/Info.plist;
				IPHONEOS_DEPLOYMENT_TARGET = 13.7;
				LD_RUNPATH_SEARCH_PATHS = (
					"$(inherited)",
					"@executable_path/Frameworks",
					"@loader_path/Frameworks",
				);
				PRODUCT_BUNDLE_IDENTIFIER = com.tt.TechMonTests;
				PRODUCT_NAME = "$(TARGET_NAME)";
				SWIFT_VERSION = 5.0;
				TARGETED_DEVICE_FAMILY = "1,2";
				TEST_HOST = "$(BUILT_PRODUCTS_DIR)/TechMon.app/TechMon";
			};
			name = Debug;
		};
		71895E5825022AC000CC520C /* Release */ = {
			isa = XCBuildConfiguration;
			buildSettings = {
				ALWAYS_EMBED_SWIFT_STANDARD_LIBRARIES = YES;
				BUNDLE_LOADER = "$(TEST_HOST)";
				CODE_SIGN_STYLE = Automatic;
				INFOPLIST_FILE = TechMonTests/Info.plist;
				IPHONEOS_DEPLOYMENT_TARGET = 13.7;
				LD_RUNPATH_SEARCH_PATHS = (
					"$(inherited)",
					"@executable_path/Frameworks",
					"@loader_path/Frameworks",
				);
				PRODUCT_BUNDLE_IDENTIFIER = com.tt.TechMonTests;
				PRODUCT_NAME = "$(TARGET_NAME)";
				SWIFT_VERSION = 5.0;
				TARGETED_DEVICE_FAMILY = "1,2";
				TEST_HOST = "$(BUILT_PRODUCTS_DIR)/TechMon.app/TechMon";
			};
			name = Release;
		};
		71895E5A25022AC000CC520C /* Debug */ = {
			isa = XCBuildConfiguration;
			buildSettings = {
				ALWAYS_EMBED_SWIFT_STANDARD_LIBRARIES = YES;
				CODE_SIGN_STYLE = Automatic;
				INFOPLIST_FILE = TechMonUITests/Info.plist;
				LD_RUNPATH_SEARCH_PATHS = (
					"$(inherited)",
					"@executable_path/Frameworks",
					"@loader_path/Frameworks",
				);
				PRODUCT_BUNDLE_IDENTIFIER = com.tt.TechMonUITests;
				PRODUCT_NAME = "$(TARGET_NAME)";
				SWIFT_VERSION = 5.0;
				TARGETED_DEVICE_FAMILY = "1,2";
				TEST_TARGET_NAME = TechMon;
			};
			name = Debug;
		};
		71895E5B25022AC000CC520C /* Release */ = {
			isa = XCBuildConfiguration;
			buildSettings = {
				ALWAYS_EMBED_SWIFT_STANDARD_LIBRARIES = YES;
				CODE_SIGN_STYLE = Automatic;
				INFOPLIST_FILE = TechMonUITests/Info.plist;
				LD_RUNPATH_SEARCH_PATHS = (
					"$(inherited)",
					"@executable_path/Frameworks",
					"@loader_path/Frameworks",
				);
				PRODUCT_BUNDLE_IDENTIFIER = com.tt.TechMonUITests;
				PRODUCT_NAME = "$(TARGET_NAME)";
				SWIFT_VERSION = 5.0;
				TARGETED_DEVICE_FAMILY = "1,2";
				TEST_TARGET_NAME = TechMon;
			};
			name = Release;
		};
/* End XCBuildConfiguration section */

/* Begin XCConfigurationList section */
		71895E2425022ABE00CC520C /* Build configuration list for PBXProject "TechMon" */ = {
			isa = XCConfigurationList;
			buildConfigurations = (
				71895E5125022AC000CC520C /* Debug */,
				71895E5225022AC000CC520C /* Release */,
			);
			defaultConfigurationIsVisible = 0;
			defaultConfigurationName = Release;
		};
		71895E5325022AC000CC520C /* Build configuration list for PBXNativeTarget "TechMon" */ = {
			isa = XCConfigurationList;
			buildConfigurations = (
				71895E5425022AC000CC520C /* Debug */,
				71895E5525022AC000CC520C /* Release */,
			);
			defaultConfigurationIsVisible = 0;
			defaultConfigurationName = Release;
		};
		71895E5625022AC000CC520C /* Build configuration list for PBXNativeTarget "TechMonTests" */ = {
			isa = XCConfigurationList;
			buildConfigurations = (
				71895E5725022AC000CC520C /* Debug */,
				71895E5825022AC000CC520C /* Release */,
			);
			defaultConfigurationIsVisible = 0;
			defaultConfigurationName = Release;
		};
		71895E5925022AC000CC520C /* Build configuration list for PBXNativeTarget "TechMonUITests" */ = {
			isa = XCConfigurationList;
			buildConfigurations = (
				71895E5A25022AC000CC520C /* Debug */,
				71895E5B25022AC000CC520C /* Release */,
			);
			defaultConfigurationIsVisible = 0;
			defaultConfigurationName = Release;
		};
/* End XCConfigurationList section */
	};
	rootObject = 71895E2125022ABE00CC520C /* Project object */;
}
