// !$*UTF8*$!
{
	archiveVersion = 1;
	classes = {
	};
	objectVersion = 50;
	objects = {

/* Begin PBXBuildFile section */
		71895C652500AEC700CC520C /* AppDelegate.swift in Sources */ = {isa = PBXBuildFile; fileRef = 71895C642500AEC700CC520C /* AppDelegate.swift */; };
		71895C672500AEC700CC520C /* SceneDelegate.swift in Sources */ = {isa = PBXBuildFile; fileRef = 71895C662500AEC700CC520C /* SceneDelegate.swift */; };
		71895C692500AEC700CC520C /* ViewController.swift in Sources */ = {isa = PBXBuildFile; fileRef = 71895C682500AEC700CC520C /* ViewController.swift */; };
		71895C6C2500AEC700CC520C /* Main.storyboard in Resources */ = {isa = PBXBuildFile; fileRef = 71895C6A2500AEC700CC520C /* Main.storyboard */; };
		71895C6E2500AEC900CC520C /* Assets.xcassets in Resources */ = {isa = PBXBuildFile; fileRef = 71895C6D2500AEC900CC520C /* Assets.xcassets */; };
		71895C712500AEC900CC520C /* LaunchScreen.storyboard in Resources */ = {isa = PBXBuildFile; fileRef = 71895C6F2500AEC900CC520C /* LaunchScreen.storyboard */; };
		71895C7C2500AEC900CC520C /* PasswordHackerTests.swift in Sources */ = {isa = PBXBuildFile; fileRef = 71895C7B2500AEC900CC520C /* PasswordHackerTests.swift */; };
		71895C872500AEC900CC520C /* PasswordHackerUITests.swift in Sources */ = {isa = PBXBuildFile; fileRef = 71895C862500AEC900CC520C /* PasswordHackerUITests.swift */; };
/* End PBXBuildFile section */

/* Begin PBXContainerItemProxy section */
		71895C782500AEC900CC520C /* PBXContainerItemProxy */ = {
			isa = PBXContainerItemProxy;
			containerPortal = 71895C592500AEC700CC520C /* Project object */;
			proxyType = 1;
			remoteGlobalIDString = 71895C602500AEC700CC520C;
			remoteInfo = PasswordHacker;
		};
		71895C832500AEC900CC520C /* PBXContainerItemProxy */ = {
			isa = PBXContainerItemProxy;
			containerPortal = 71895C592500AEC700CC520C /* Project object */;
			proxyType = 1;
			remoteGlobalIDString = 71895C602500AEC700CC520C;
			remoteInfo = PasswordHacker;
		};
/* End PBXContainerItemProxy section */

/* Begin PBXFileReference section */
		71895C612500AEC700CC520C /* PasswordHacker.app */ = {isa = PBXFileReference; explicitFileType = wrapper.application; includeInIndex = 0; path = PasswordHacker.app; sourceTree = BUILT_PRODUCTS_DIR; };
		71895C642500AEC700CC520C /* AppDelegate.swift */ = {isa = PBXFileReference; lastKnownFileType = sourcecode.swift; path = AppDelegate.swift; sourceTree = "<group>"; };
		71895C662500AEC700CC520C /* SceneDelegate.swift */ = {isa = PBXFileReference; lastKnownFileType = sourcecode.swift; path = SceneDelegate.swift; sourceTree = "<group>"; };
		71895C682500AEC700CC520C /* ViewController.swift */ = {isa = PBXFileReference; lastKnownFileType = sourcecode.swift; path = ViewController.swift; sourceTree = "<group>"; };
		71895C6B2500AEC700CC520C /* Base */ = {isa = PBXFileReference; lastKnownFileType = file.storyboard; name = Base; path = Base.lproj/Main.storyboard; sourceTree = "<group>"; };
		71895C6D2500AEC900CC520C /* Assets.xcassets */ = {isa = PBXFileReference; lastKnownFileType = folder.assetcatalog; path = Assets.xcassets; sourceTree = "<group>"; };
		71895C702500AEC900CC520C /* Base */ = {isa = PBXFileReference; lastKnownFileType = file.storyboard; name = Base; path = Base.lproj/LaunchScreen.storyboard; sourceTree = "<group>"; };
		71895C722500AEC900CC520C /* Info.plist */ = {isa = PBXFileReference; lastKnownFileType = text.plist.xml; path = Info.plist; sourceTree = "<group>"; };
		71895C772500AEC900CC520C /* PasswordHackerTests.xctest */ = {isa = PBXFileReference; explicitFileType = wrapper.cfbundle; includeInIndex = 0; path = PasswordHackerTests.xctest; sourceTree = BUILT_PRODUCTS_DIR; };
		71895C7B2500AEC900CC520C /* PasswordHackerTests.swift */ = {isa = PBXFileReference; lastKnownFileType = sourcecode.swift; path = PasswordHackerTests.swift; sourceTree = "<group>"; };
		71895C7D2500AEC900CC520C /* Info.plist */ = {isa = PBXFileReference; lastKnownFileType = text.plist.xml; path = Info.plist; sourceTree = "<group>"; };
		71895C822500AEC900CC520C /* PasswordHackerUITests.xctest */ = {isa = PBXFileReference; explicitFileType = wrapper.cfbundle; includeInIndex = 0; path = PasswordHackerUITests.xctest; sourceTree = BUILT_PRODUCTS_DIR; };
		71895C862500AEC900CC520C /* PasswordHackerUITests.swift */ = {isa = PBXFileReference; lastKnownFileType = sourcecode.swift; path = PasswordHackerUITests.swift; sourceTree = "<group>"; };
		71895C882500AEC900CC520C /* Info.plist */ = {isa = PBXFileReference; lastKnownFileType = text.plist.xml; path = Info.plist; sourceTree = "<group>"; };
/* End PBXFileReference section */

/* Begin PBXFrameworksBuildPhase section */
		71895C5E2500AEC700CC520C /* Frameworks */ = {
			isa = PBXFrameworksBuildPhase;
			buildActionMask = 2147483647;
			files = (
			);
			runOnlyForDeploymentPostprocessing = 0;
		};
		71895C742500AEC900CC520C /* Frameworks */ = {
			isa = PBXFrameworksBuildPhase;
			buildActionMask = 2147483647;
			files = (
			);
			runOnlyForDeploymentPostprocessing = 0;
		};
		71895C7F2500AEC900CC520C /* Frameworks */ = {
			isa = PBXFrameworksBuildPhase;
			buildActionMask = 2147483647;
			files = (
			);
			runOnlyForDeploymentPostprocessing = 0;
		};
/* End PBXFrameworksBuildPhase section */

/* Begin PBXGroup section */
		71895C582500AEC700CC520C = {
			isa = PBXGroup;
			children = (
				71895C632500AEC700CC520C /* PasswordHacker */,
				71895C7A2500AEC900CC520C /* PasswordHackerTests */,
				71895C852500AEC900CC520C /* PasswordHackerUITests */,
				71895C622500AEC700CC520C /* Products */,
			);
			sourceTree = "<group>";
		};
		71895C622500AEC700CC520C /* Products */ = {
			isa = PBXGroup;
			children = (
				71895C612500AEC700CC520C /* PasswordHacker.app */,
				71895C772500AEC900CC520C /* PasswordHackerTests.xctest */,
				71895C822500AEC900CC520C /* PasswordHackerUITests.xctest */,
			);
			name = Products;
			sourceTree = "<group>";
		};
		71895C632500AEC700CC520C /* PasswordHacker */ = {
			isa = PBXGroup;
			children = (
				71895C642500AEC700CC520C /* AppDelegate.swift */,
				71895C662500AEC700CC520C /* SceneDelegate.swift */,
				71895C682500AEC700CC520C /* ViewController.swift */,
				71895C6A2500AEC700CC520C /* Main.storyboard */,
				71895C6D2500AEC900CC520C /* Assets.xcassets */,
				71895C6F2500AEC900CC520C /* LaunchScreen.storyboard */,
				71895C722500AEC900CC520C /* Info.plist */,
			);
			path = PasswordHacker;
			sourceTree = "<group>";
		};
		71895C7A2500AEC900CC520C /* PasswordHackerTests */ = {
			isa = PBXGroup;
			children = (
				71895C7B2500AEC900CC520C /* PasswordHackerTests.swift */,
				71895C7D2500AEC900CC520C /* Info.plist */,
			);
			path = PasswordHackerTests;
			sourceTree = "<group>";
		};
		71895C852500AEC900CC520C /* PasswordHackerUITests */ = {
			isa = PBXGroup;
			children = (
				71895C862500AEC900CC520C /* PasswordHackerUITests.swift */,
				71895C882500AEC900CC520C /* Info.plist */,
			);
			path = PasswordHackerUITests;
			sourceTree = "<group>";
		};
/* End PBXGroup section */

/* Begin PBXNativeTarget section */
		71895C602500AEC700CC520C /* PasswordHacker */ = {
			isa = PBXNativeTarget;
			buildConfigurationList = 71895C8B2500AEC900CC520C /* Build configuration list for PBXNativeTarget "PasswordHacker" */;
			buildPhases = (
				71895C5D2500AEC700CC520C /* Sources */,
				71895C5E2500AEC700CC520C /* Frameworks */,
				71895C5F2500AEC700CC520C /* Resources */,
			);
			buildRules = (
			);
			dependencies = (
			);
			name = PasswordHacker;
			productName = PasswordHacker;
			productReference = 71895C612500AEC700CC520C /* PasswordHacker.app */;
			productType = "com.apple.product-type.application";
		};
		71895C762500AEC900CC520C /* PasswordHackerTests */ = {
			isa = PBXNativeTarget;
			buildConfigurationList = 71895C8E2500AEC900CC520C /* Build configuration list for PBXNativeTarget "PasswordHackerTests" */;
			buildPhases = (
				71895C732500AEC900CC520C /* Sources */,
				71895C742500AEC900CC520C /* Frameworks */,
				71895C752500AEC900CC520C /* Resources */,
			);
			buildRules = (
			);
			dependencies = (
				71895C792500AEC900CC520C /* PBXTargetDependency */,
			);
			name = PasswordHackerTests;
			productName = PasswordHackerTests;
			productReference = 71895C772500AEC900CC520C /* PasswordHackerTests.xctest */;
			productType = "com.apple.product-type.bundle.unit-test";
		};
		71895C812500AEC900CC520C /* PasswordHackerUITests */ = {
			isa = PBXNativeTarget;
			buildConfigurationList = 71895C912500AEC900CC520C /* Build configuration list for PBXNativeTarget "PasswordHackerUITests" */;
			buildPhases = (
				71895C7E2500AEC900CC520C /* Sources */,
				71895C7F2500AEC900CC520C /* Frameworks */,
				71895C802500AEC900CC520C /* Resources */,
			);
			buildRules = (
			);
			dependencies = (
				71895C842500AEC900CC520C /* PBXTargetDependency */,
			);
			name = PasswordHackerUITests;
			productName = PasswordHackerUITests;
			productReference = 71895C822500AEC900CC520C /* PasswordHackerUITests.xctest */;
			productType = "com.apple.product-type.bundle.ui-testing";
		};
/* End PBXNativeTarget section */

/* Begin PBXProject section */
		71895C592500AEC700CC520C /* Project object */ = {
			isa = PBXProject;
			attributes = {
				LastSwiftUpdateCheck = 1170;
				LastUpgradeCheck = 1170;
				ORGANIZATIONNAME = "Tomoya Tanaka";
				TargetAttributes = {
					71895C602500AEC700CC520C = {
						CreatedOnToolsVersion = 11.7;
					};
					71895C762500AEC900CC520C = {
						CreatedOnToolsVersion = 11.7;
						TestTargetID = 71895C602500AEC700CC520C;
					};
					71895C812500AEC900CC520C = {
						CreatedOnToolsVersion = 11.7;
						TestTargetID = 71895C602500AEC700CC520C;
					};
				};
			};
			buildConfigurationList = 71895C5C2500AEC700CC520C /* Build configuration list for PBXProject "PasswordHacker" */;
			compatibilityVersion = "Xcode 9.3";
			developmentRegion = en;
			hasScannedForEncodings = 0;
			knownRegions = (
				en,
				Base,
			);
			mainGroup = 71895C582500AEC700CC520C;
			productRefGroup = 71895C622500AEC700CC520C /* Products */;
			projectDirPath = "";
			projectRoot = "";
			targets = (
				71895C602500AEC700CC520C /* PasswordHacker */,
				71895C762500AEC900CC520C /* PasswordHackerTests */,
				71895C812500AEC900CC520C /* PasswordHackerUITests */,
			);
		};
/* End PBXProject section */

/* Begin PBXResourcesBuildPhase section */
		71895C5F2500AEC700CC520C /* Resources */ = {
			isa = PBXResourcesBuildPhase;
			buildActionMask = 2147483647;
			files = (
				71895C712500AEC900CC520C /* LaunchScreen.storyboard in Resources */,
				71895C6E2500AEC900CC520C /* Assets.xcassets in Resources */,
				71895C6C2500AEC700CC520C /* Main.storyboard in Resources */,
			);
			runOnlyForDeploymentPostprocessing = 0;
		};
		71895C752500AEC900CC520C /* Resources */ = {
			isa = PBXResourcesBuildPhase;
			buildActionMask = 2147483647;
			files = (
			);
			runOnlyForDeploymentPostprocessing = 0;
		};
		71895C802500AEC900CC520C /* Resources */ = {
			isa = PBXResourcesBuildPhase;
			buildActionMask = 2147483647;
			files = (
			);
			runOnlyForDeploymentPostprocessing = 0;
		};
/* End PBXResourcesBuildPhase section */

/* Begin PBXSourcesBuildPhase section */
		71895C5D2500AEC700CC520C /* Sources */ = {
			isa = PBXSourcesBuildPhase;
			buildActionMask = 2147483647;
			files = (
				71895C692500AEC700CC520C /* ViewController.swift in Sources */,
				71895C652500AEC700CC520C /* AppDelegate.swift in Sources */,
				71895C672500AEC700CC520C /* SceneDelegate.swift in Sources */,
			);
			runOnlyForDeploymentPostprocessing = 0;
		};
		71895C732500AEC900CC520C /* Sources */ = {
			isa = PBXSourcesBuildPhase;
			buildActionMask = 2147483647;
			files = (
				71895C7C2500AEC900CC520C /* PasswordHackerTests.swift in Sources */,
			);
			runOnlyForDeploymentPostprocessing = 0;
		};
		71895C7E2500AEC900CC520C /* Sources */ = {
			isa = PBXSourcesBuildPhase;
			buildActionMask = 2147483647;
			files = (
				71895C872500AEC900CC520C /* PasswordHackerUITests.swift in Sources */,
			);
			runOnlyForDeploymentPostprocessing = 0;
		};
/* End PBXSourcesBuildPhase section */

/* Begin PBXTargetDependency section */
		71895C792500AEC900CC520C /* PBXTargetDependency */ = {
			isa = PBXTargetDependency;
			target = 71895C602500AEC700CC520C /* PasswordHacker */;
			targetProxy = 71895C782500AEC900CC520C /* PBXContainerItemProxy */;
		};
		71895C842500AEC900CC520C /* PBXTargetDependency */ = {
			isa = PBXTargetDependency;
			target = 71895C602500AEC700CC520C /* PasswordHacker */;
			targetProxy = 71895C832500AEC900CC520C /* PBXContainerItemProxy */;
		};
/* End PBXTargetDependency section */

/* Begin PBXVariantGroup section */
		71895C6A2500AEC700CC520C /* Main.storyboard */ = {
			isa = PBXVariantGroup;
			children = (
				71895C6B2500AEC700CC520C /* Base */,
			);
			name = Main.storyboard;
			sourceTree = "<group>";
		};
		71895C6F2500AEC900CC520C /* LaunchScreen.storyboard */ = {
			isa = PBXVariantGroup;
			children = (
				71895C702500AEC900CC520C /* Base */,
			);
			name = LaunchScreen.storyboard;
			sourceTree = "<group>";
		};
/* End PBXVariantGroup section */

/* Begin XCBuildConfiguration section */
		71895C892500AEC900CC520C /* Debug */ = {
			isa = XCBuildConfiguration;
			buildSettings = {
				ALWAYS_SEARCH_USER_PATHS = NO;
				CLANG_ANALYZER_NONNULL = YES;
				CLANG_ANALYZER_NUMBER_OBJECT_CONVERSION = YES_AGGRESSIVE;
				CLANG_CXX_LANGUAGE_STANDARD = "gnu++14";
				CLANG_CXX_LIBRARY = "libc++";
				CLANG_ENABLE_MODULES = YES;
				CLANG_ENABLE_OBJC_ARC = YES;
				CLANG_ENABLE_OBJC_WEAK = YES;
				CLANG_WARN_BLOCK_CAPTURE_AUTORELEASING = YES;
				CLANG_WARN_BOOL_CONVERSION = YES;
				CLANG_WARN_COMMA = YES;
				CLANG_WARN_CONSTANT_CONVERSION = YES;
				CLANG_WARN_DEPRECATED_OBJC_IMPLEMENTATIONS = YES;
				CLANG_WARN_DIRECT_OBJC_ISA_USAGE = YES_ERROR;
				CLANG_WARN_DOCUMENTATION_COMMENTS = YES;
				CLANG_WARN_EMPTY_BODY = YES;
				CLANG_WARN_ENUM_CONVERSION = YES;
				CLANG_WARN_INFINITE_RECURSION = YES;
				CLANG_WARN_INT_CONVERSION = YES;
				CLANG_WARN_NON_LITERAL_NULL_CONVERSION = YES;
				CLANG_WARN_OBJC_IMPLICIT_RETAIN_SELF = YES;
				CLANG_WARN_OBJC_LITERAL_CONVERSION = YES;
				CLANG_WARN_OBJC_ROOT_CLASS = YES_ERROR;
				CLANG_WARN_RANGE_LOOP_ANALYSIS = YES;
				CLANG_WARN_STRICT_PROTOTYPES = YES;
				CLANG_WARN_SUSPICIOUS_MOVE = YES;
				CLANG_WARN_UNGUARDED_AVAILABILITY = YES_AGGRESSIVE;
				CLANG_WARN_UNREACHABLE_CODE = YES;
				CLANG_WARN__DUPLICATE_METHOD_MATCH = YES;
				COPY_PHASE_STRIP = NO;
				DEBUG_INFORMATION_FORMAT = dwarf;
				ENABLE_STRICT_OBJC_MSGSEND = YES;
				ENABLE_TESTABILITY = YES;
				GCC_C_LANGUAGE_STANDARD = gnu11;
				GCC_DYNAMIC_NO_PIC = NO;
				GCC_NO_COMMON_BLOCKS = YES;
				GCC_OPTIMIZATION_LEVEL = 0;
				GCC_PREPROCESSOR_DEFINITIONS = (
					"DEBUG=1",
					"$(inherited)",
				);
				GCC_WARN_64_TO_32_BIT_CONVERSION = YES;
				GCC_WARN_ABOUT_RETURN_TYPE = YES_ERROR;
				GCC_WARN_UNDECLARED_SELECTOR = YES;
				GCC_WARN_UNINITIALIZED_AUTOS = YES_AGGRESSIVE;
				GCC_WARN_UNUSED_FUNCTION = YES;
				GCC_WARN_UNUSED_VARIABLE = YES;
				IPHONEOS_DEPLOYMENT_TARGET = 13.7;
				MTL_ENABLE_DEBUG_INFO = INCLUDE_SOURCE;
				MTL_FAST_MATH = YES;
				ONLY_ACTIVE_ARCH = YES;
				SDKROOT = iphoneos;
				SWIFT_ACTIVE_COMPILATION_CONDITIONS = DEBUG;
				SWIFT_OPTIMIZATION_LEVEL = "-Onone";
			};
			name = Debug;
		};
		71895C8A2500AEC900CC520C /* Release */ = {
			isa = XCBuildConfiguration;
			buildSettings = {
				ALWAYS_SEARCH_USER_PATHS = NO;
				CLANG_ANALYZER_NONNULL = YES;
				CLANG_ANALYZER_NUMBER_OBJECT_CONVERSION = YES_AGGRESSIVE;
				CLANG_CXX_LANGUAGE_STANDARD = "gnu++14";
				CLANG_CXX_LIBRARY = "libc++";
				CLANG_ENABLE_MODULES = YES;
				CLANG_ENABLE_OBJC_ARC = YES;
				CLANG_ENABLE_OBJC_WEAK = YES;
				CLANG_WARN_BLOCK_CAPTURE_AUTORELEASING = YES;
				CLANG_WARN_BOOL_CONVERSION = YES;
				CLANG_WARN_COMMA = YES;
				CLANG_WARN_CONSTANT_CONVERSION = YES;
				CLANG_WARN_DEPRECATED_OBJC_IMPLEMENTATIONS = YES;
				CLANG_WARN_DIRECT_OBJC_ISA_USAGE = YES_ERROR;
				CLANG_WARN_DOCUMENTATION_COMMENTS = YES;
				CLANG_WARN_EMPTY_BODY = YES;
				CLANG_WARN_ENUM_CONVERSION = YES;
				CLANG_WARN_INFINITE_RECURSION = YES;
				CLANG_WARN_INT_CONVERSION = YES;
				CLANG_WARN_NON_LITERAL_NULL_CONVERSION = YES;
				CLANG_WARN_OBJC_IMPLICIT_RETAIN_SELF = YES;
				CLANG_WARN_OBJC_LITERAL_CONVERSION = YES;
				CLANG_WARN_OBJC_ROOT_CLASS = YES_ERROR;
				CLANG_WARN_RANGE_LOOP_ANALYSIS = YES;
				CLANG_WARN_STRICT_PROTOTYPES = YES;
				CLANG_WARN_SUSPICIOUS_MOVE = YES;
				CLANG_WARN_UNGUARDED_AVAILABILITY = YES_AGGRESSIVE;
				CLANG_WARN_UNREACHABLE_CODE = YES;
				CLANG_WARN__DUPLICATE_METHOD_MATCH = YES;
				COPY_PHASE_STRIP = NO;
				DEBUG_INFORMATION_FORMAT = "dwarf-with-dsym";
				ENABLE_NS_ASSERTIONS = NO;
				ENABLE_STRICT_OBJC_MSGSEND = YES;
				GCC_C_LANGUAGE_STANDARD = gnu11;
				GCC_NO_COMMON_BLOCKS = YES;
				GCC_WARN_64_TO_32_BIT_CONVERSION = YES;
				GCC_WARN_ABOUT_RETURN_TYPE = YES_ERROR;
				GCC_WARN_UNDECLARED_SELECTOR = YES;
				GCC_WARN_UNINITIALIZED_AUTOS = YES_AGGRESSIVE;
				GCC_WARN_UNUSED_FUNCTION = YES;
				GCC_WARN_UNUSED_VARIABLE = YES;
				IPHONEOS_DEPLOYMENT_TARGET = 13.7;
				MTL_ENABLE_DEBUG_INFO = NO;
				MTL_FAST_MATH = YES;
				SDKROOT = iphoneos;
				SWIFT_COMPILATION_MODE = wholemodule;
				SWIFT_OPTIMIZATION_LEVEL = "-O";
				VALIDATE_PRODUCT = YES;
			};
			name = Release;
		};
		71895C8C2500AEC900CC520C /* Debug */ = {
			isa = XCBuildConfiguration;
			buildSettings = {
				ASSETCATALOG_COMPILER_APPICON_NAME = AppIcon;
				CODE_SIGN_STYLE = Automatic;
				INFOPLIST_FILE = PasswordHacker/Info.plist;
				LD_RUNPATH_SEARCH_PATHS = (
					"$(inherited)",
					"@executable_path/Frameworks",
				);
				PRODUCT_BUNDLE_IDENTIFIER = com.tt.PasswordHacker;
				PRODUCT_NAME = "$(TARGET_NAME)";
				SWIFT_VERSION = 5.0;
				TARGETED_DEVICE_FAMILY = "1,2";
			};
			name = Debug;
		};
		71895C8D2500AEC900CC520C /* Release */ = {
			isa = XCBuildConfiguration;
			buildSettings = {
				ASSETCATALOG_COMPILER_APPICON_NAME = AppIcon;
				CODE_SIGN_STYLE = Automatic;
				INFOPLIST_FILE = PasswordHacker/Info.plist;
				LD_RUNPATH_SEARCH_PATHS = (
					"$(inherited)",
					"@executable_path/Frameworks",
				);
				PRODUCT_BUNDLE_IDENTIFIER = com.tt.PasswordHacker;
				PRODUCT_NAME = "$(TARGET_NAME)";
				SWIFT_VERSION = 5.0;
				TARGETED_DEVICE_FAMILY = "1,2";
			};
			name = Release;
		};
		71895C8F2500AEC900CC520C /* Debug */ = {
			isa = XCBuildConfiguration;
			buildSettings = {
				ALWAYS_EMBED_SWIFT_STANDARD_LIBRARIES = YES;
				BUNDLE_LOADER = "$(TEST_HOST)";
				CODE_SIGN_STYLE = Automatic;
				INFOPLIST_FILE = PasswordHackerTests/Info.plist;
				IPHONEOS_DEPLOYMENT_TARGET = 13.7;
				LD_RUNPATH_SEARCH_PATHS = (
					"$(inherited)",
					"@executable_path/Frameworks",
					"@loader_path/Frameworks",
				);
				PRODUCT_BUNDLE_IDENTIFIER = com.tt.PasswordHackerTests;
				PRODUCT_NAME = "$(TARGET_NAME)";
				SWIFT_VERSION = 5.0;
				TARGETED_DEVICE_FAMILY = "1,2";
				TEST_HOST = "$(BUILT_PRODUCTS_DIR)/PasswordHacker.app/PasswordHacker";
			};
			name = Debug;
		};
		71895C902500AEC900CC520C /* Release */ = {
			isa = XCBuildConfiguration;
			buildSettings = {
				ALWAYS_EMBED_SWIFT_STANDARD_LIBRARIES = YES;
				BUNDLE_LOADER = "$(TEST_HOST)";
				CODE_SIGN_STYLE = Automatic;
				INFOPLIST_FILE = PasswordHackerTests/Info.plist;
				IPHONEOS_DEPLOYMENT_TARGET = 13.7;
				LD_RUNPATH_SEARCH_PATHS = (
					"$(inherited)",
					"@executable_path/Frameworks",
					"@loader_path/Frameworks",
				);
				PRODUCT_BUNDLE_IDENTIFIER = com.tt.PasswordHackerTests;
				PRODUCT_NAME = "$(TARGET_NAME)";
				SWIFT_VERSION = 5.0;
				TARGETED_DEVICE_FAMILY = "1,2";
				TEST_HOST = "$(BUILT_PRODUCTS_DIR)/PasswordHacker.app/PasswordHacker";
			};
			name = Release;
		};
		71895C922500AEC900CC520C /* Debug */ = {
			isa = XCBuildConfiguration;
			buildSettings = {
				ALWAYS_EMBED_SWIFT_STANDARD_LIBRARIES = YES;
				CODE_SIGN_STYLE = Automatic;
				INFOPLIST_FILE = PasswordHackerUITests/Info.plist;
				LD_RUNPATH_SEARCH_PATHS = (
					"$(inherited)",
					"@executable_path/Frameworks",
					"@loader_path/Frameworks",
				);
				PRODUCT_BUNDLE_IDENTIFIER = com.tt.PasswordHackerUITests;
				PRODUCT_NAME = "$(TARGET_NAME)";
				SWIFT_VERSION = 5.0;
				TARGETED_DEVICE_FAMILY = "1,2";
				TEST_TARGET_NAME = PasswordHacker;
			};
			name = Debug;
		};
		71895C932500AEC900CC520C /* Release */ = {
			isa = XCBuildConfiguration;
			buildSettings = {
				ALWAYS_EMBED_SWIFT_STANDARD_LIBRARIES = YES;
				CODE_SIGN_STYLE = Automatic;
				INFOPLIST_FILE = PasswordHackerUITests/Info.plist;
				LD_RUNPATH_SEARCH_PATHS = (
					"$(inherited)",
					"@executable_path/Frameworks",
					"@loader_path/Frameworks",
				);
				PRODUCT_BUNDLE_IDENTIFIER = com.tt.PasswordHackerUITests;
				PRODUCT_NAME = "$(TARGET_NAME)";
				SWIFT_VERSION = 5.0;
				TARGETED_DEVICE_FAMILY = "1,2";
				TEST_TARGET_NAME = PasswordHacker;
			};
			name = Release;
		};
/* End XCBuildConfiguration section */

/* Begin XCConfigurationList section */
		71895C5C2500AEC700CC520C /* Build configuration list for PBXProject "PasswordHacker" */ = {
			isa = XCConfigurationList;
			buildConfigurations = (
				71895C892500AEC900CC520C /* Debug */,
				71895C8A2500AEC900CC520C /* Release */,
			);
			defaultConfigurationIsVisible = 0;
			defaultConfigurationName = Release;
		};
		71895C8B2500AEC900CC520C /* Build configuration list for PBXNativeTarget "PasswordHacker" */ = {
			isa = XCConfigurationList;
			buildConfigurations = (
				71895C8C2500AEC900CC520C /* Debug */,
				71895C8D2500AEC900CC520C /* Release */,
			);
			defaultConfigurationIsVisible = 0;
			defaultConfigurationName = Release;
		};
		71895C8E2500AEC900CC520C /* Build configuration list for PBXNativeTarget "PasswordHackerTests" */ = {
			isa = XCConfigurationList;
			buildConfigurations = (
				71895C8F2500AEC900CC520C /* Debug */,
				71895C902500AEC900CC520C /* Release */,
			);
			defaultConfigurationIsVisible = 0;
			defaultConfigurationName = Release;
		};
		71895C912500AEC900CC520C /* Build configuration list for PBXNativeTarget "PasswordHackerUITests" */ = {
			isa = XCConfigurationList;
			buildConfigurations = (
				71895C922500AEC900CC520C /* Debug */,
				71895C932500AEC900CC520C /* Release */,
			);
			defaultConfigurationIsVisible = 0;
			defaultConfigurationName = Release;
		};
/* End XCConfigurationList section */
	};
	rootObject = 71895C592500AEC700CC520C /* Project object */;
}
